// !$*UTF8*$!
{
	archiveVersion = 1;
	classes = {
	};
	objectVersion = 46;
	objects = {

/* Begin PBXBuildFile section */
		18EBCB3DB35A4CE08D427CCF /* libPods.a in Frameworks */ = {isa = PBXBuildFile; fileRef = 2BB99C58B13A49499E38C81D /* libPods.a */; };
		E407592118E47ECB003B12B9 /* PDPFActivity.m in Sources */ = {isa = PBXBuildFile; fileRef = E407592018E47ECB003B12B9 /* PDPFActivity.m */; };
		E407592418E4A4E6003B12B9 /* PDMoreItemTableViewController.m in Sources */ = {isa = PBXBuildFile; fileRef = E407592318E4A4E6003B12B9 /* PDMoreItemTableViewController.m */; };
		E407592718E4A8A8003B12B9 /* PDActivityType.m in Sources */ = {isa = PBXBuildFile; fileRef = E407592618E4A8A8003B12B9 /* PDActivityType.m */; };
		E407592D18E4AFDE003B12B9 /* PDNewItemViewController.m in Sources */ = {isa = PBXBuildFile; fileRef = E407592C18E4AFDE003B12B9 /* PDNewItemViewController.m */; };
		E407593018E4B8BC003B12B9 /* PDChooseTypeTableViewController.m in Sources */ = {isa = PBXBuildFile; fileRef = E407592F18E4B8BC003B12B9 /* PDChooseTypeTableViewController.m */; };
		E43DA99918A4180D005F6F52 /* Media.xcassets in Resources */ = {isa = PBXBuildFile; fileRef = E43DA99818A4180D005F6F52 /* Media.xcassets */; };
		E43DA9BA18A42E4F005F6F52 /* PDLogViewController.m in Sources */ = {isa = PBXBuildFile; fileRef = E43DA9B918A42E4F005F6F52 /* PDLogViewController.m */; };
		E43DA9BE18A432A7005F6F52 /* PDLogScreenCell.m in Sources */ = {isa = PBXBuildFile; fileRef = E43DA9BD18A432A7005F6F52 /* PDLogScreenCell.m */; };
		E43DA9C118A43489005F6F52 /* PDConstants.m in Sources */ = {isa = PBXBuildFile; fileRef = E43DA9C018A43489005F6F52 /* PDConstants.m */; };
		E43DA9C418A4B4AC005F6F52 /* PDLogObjectModel.xcdatamodeld in Sources */ = {isa = PBXBuildFile; fileRef = E43DA9C218A4B4AC005F6F52 /* PDLogObjectModel.xcdatamodeld */; };
		E43DA9C618A4B4E7005F6F52 /* CoreData.framework in Frameworks */ = {isa = PBXBuildFile; fileRef = E43DA9C518A4B4E7005F6F52 /* CoreData.framework */; };
		E43DA9C818A4BB0B005F6F52 /* PDActivityList.plist in Resources */ = {isa = PBXBuildFile; fileRef = E43DA9C718A4BB0B005F6F52 /* PDActivityList.plist */; };
		E43DA9CA18A4BB1A005F6F52 /* PDFoodList.plist in Resources */ = {isa = PBXBuildFile; fileRef = E43DA9C918A4BB1A005F6F52 /* PDFoodList.plist */; };
		E43DA9CC18A4BB25005F6F52 /* PDMoodList.plist in Resources */ = {isa = PBXBuildFile; fileRef = E43DA9CB18A4BB25005F6F52 /* PDMoodList.plist */; };
		E43DA9D018A4BD5B005F6F52 /* PDActivityTypeList.plist in Resources */ = {isa = PBXBuildFile; fileRef = E43DA9CF18A4BD5B005F6F52 /* PDActivityTypeList.plist */; };
		E43DA9D218A4BD83005F6F52 /* PDMoodTypeList.plist in Resources */ = {isa = PBXBuildFile; fileRef = E43DA9D118A4BD83005F6F52 /* PDMoodTypeList.plist */; };
		E43DA9D418A4BD8E005F6F52 /* PDFoodTypeList.plist in Resources */ = {isa = PBXBuildFile; fileRef = E43DA9D318A4BD8E005F6F52 /* PDFoodTypeList.plist */; };
		E43DA9D718A4C1DB005F6F52 /* PDPropertyListController.m in Sources */ = {isa = PBXBuildFile; fileRef = E43DA9D618A4C1DB005F6F52 /* PDPropertyListController.m */; };
		E43DA9DA18A4D3AD005F6F52 /* PDSaveLogViewController.m in Sources */ = {isa = PBXBuildFile; fileRef = E43DA9D918A4D3AD005F6F52 /* PDSaveLogViewController.m */; };
		E43DA9E518A508FE005F6F52 /* PDSaveProductivityLogViewController.m in Sources */ = {isa = PBXBuildFile; fileRef = E43DA9E418A508FE005F6F52 /* PDSaveProductivityLogViewController.m */; };
		E43DA9EE18A512C1005F6F52 /* PDSplashViewController.m in Sources */ = {isa = PBXBuildFile; fileRef = E43DA9ED18A512C1005F6F52 /* PDSplashViewController.m */; };
		E43DA9F218A5186D005F6F52 /* LogMoodWheelView.xib in Resources */ = {isa = PBXBuildFile; fileRef = E43DA9F118A5186D005F6F52 /* LogMoodWheelView.xib */; };
		E43DA9F418A51931005F6F52 /* LogCollectionViewCell.xib in Resources */ = {isa = PBXBuildFile; fileRef = E43DA9F318A51931005F6F52 /* LogCollectionViewCell.xib */; };
		E46909CA18DF6527007BBB64 /* FacebookSDK.framework in Frameworks */ = {isa = PBXBuildFile; fileRef = E46909C918DF6527007BBB64 /* FacebookSDK.framework */; };
		E46A0DC318A53CD60093CF05 /* PDSettingsViewController.m in Sources */ = {isa = PBXBuildFile; fileRef = E46A0DC218A53CD60093CF05 /* PDSettingsViewController.m */; };
		E46A0DC618A53E570093CF05 /* PDAddFriendsViewController.m in Sources */ = {isa = PBXBuildFile; fileRef = E46A0DC518A53E570093CF05 /* PDAddFriendsViewController.m */; };
		E46A0DC818A546F30093CF05 /* LogCollectionView.xib in Resources */ = {isa = PBXBuildFile; fileRef = E46A0DC718A546F30093CF05 /* LogCollectionView.xib */; };
		E46A0DCB18A54C210093CF05 /* PDMoodWheelView.m in Sources */ = {isa = PBXBuildFile; fileRef = E46A0DCA18A54C210093CF05 /* PDMoodWheelView.m */; };
		E46EC9F918A9341D00FE23AE /* PDReviewCell.m in Sources */ = {isa = PBXBuildFile; fileRef = E46EC9F818A9341D00FE23AE /* PDReviewCell.m */; };
		E46EC9FB18A9351500FE23AE /* PDReviewCellWithImage.xib in Resources */ = {isa = PBXBuildFile; fileRef = E46EC9FA18A9351500FE23AE /* PDReviewCellWithImage.xib */; };
		E46EC9FE18A9433200FE23AE /* PDTodayTableViewController.m in Sources */ = {isa = PBXBuildFile; fileRef = E46EC9FD18A9433200FE23AE /* PDTodayTableViewController.m */; };
		E46ECA0118A943A000FE23AE /* PDTodayTopTableViewCell.m in Sources */ = {isa = PBXBuildFile; fileRef = E46ECA0018A943A000FE23AE /* PDTodayTopTableViewCell.m */; };
		E4767058180CE020002E261A /* Foundation.framework in Frameworks */ = {isa = PBXBuildFile; fileRef = E4767057180CE020002E261A /* Foundation.framework */; };
		E476705A180CE020002E261A /* CoreGraphics.framework in Frameworks */ = {isa = PBXBuildFile; fileRef = E4767059180CE020002E261A /* CoreGraphics.framework */; };
		E476705C180CE020002E261A /* UIKit.framework in Frameworks */ = {isa = PBXBuildFile; fileRef = E476705B180CE020002E261A /* UIKit.framework */; };
		E4767062180CE020002E261A /* InfoPlist.strings in Resources */ = {isa = PBXBuildFile; fileRef = E4767060180CE020002E261A /* InfoPlist.strings */; };
		E4767064180CE021002E261A /* main.m in Sources */ = {isa = PBXBuildFile; fileRef = E4767063180CE020002E261A /* main.m */; };
		E4767068180CE021002E261A /* PDAppDelegate.m in Sources */ = {isa = PBXBuildFile; fileRef = E4767067180CE021002E261A /* PDAppDelegate.m */; };
		E476706B180CE021002E261A /* Main_iPhone.storyboard in Resources */ = {isa = PBXBuildFile; fileRef = E4767069180CE021002E261A /* Main_iPhone.storyboard */; };
		E4767071180CE021002E261A /* PDViewController.m in Sources */ = {isa = PBXBuildFile; fileRef = E4767070180CE021002E261A /* PDViewController.m */; };
		E4767073180CE021002E261A /* Images.xcassets in Resources */ = {isa = PBXBuildFile; fileRef = E4767072180CE021002E261A /* Images.xcassets */; };
		E476707A180CE021002E261A /* XCTest.framework in Frameworks */ = {isa = PBXBuildFile; fileRef = E4767079180CE021002E261A /* XCTest.framework */; };
		E476707B180CE021002E261A /* Foundation.framework in Frameworks */ = {isa = PBXBuildFile; fileRef = E4767057180CE020002E261A /* Foundation.framework */; };
		E476707C180CE021002E261A /* UIKit.framework in Frameworks */ = {isa = PBXBuildFile; fileRef = E476705B180CE020002E261A /* UIKit.framework */; };
		E4767084180CE021002E261A /* InfoPlist.strings in Resources */ = {isa = PBXBuildFile; fileRef = E4767082180CE021002E261A /* InfoPlist.strings */; };
		E4767086180CE021002E261A /* PerfectDietTests.m in Sources */ = {isa = PBXBuildFile; fileRef = E4767085180CE021002E261A /* PerfectDietTests.m */; };
		E48EEFEE18E5BE6F00E9A170 /* PDProductivityCell.xib in Resources */ = {isa = PBXBuildFile; fileRef = E48EEFED18E5BE6F00E9A170 /* PDProductivityCell.xib */; };
		E48EEFF118E5BF6B00E9A170 /* PDProductivityTableViewCell.m in Sources */ = {isa = PBXBuildFile; fileRef = E48EEFF018E5BF6B00E9A170 /* PDProductivityTableViewCell.m */; };
		E48EEFF718E5CA9500E9A170 /* PDMonthTableViewController.m in Sources */ = {isa = PBXBuildFile; fileRef = E48EEFF618E5CA9500E9A170 /* PDMonthTableViewController.m */; };
		E48EF00218E60DAE00E9A170 /* p_background.png in Resources */ = {isa = PBXBuildFile; fileRef = E48EF00018E60DAE00E9A170 /* p_background.png */; };
		E48EF00318E60DAE00E9A170 /* p_background@2x.png in Resources */ = {isa = PBXBuildFile; fileRef = E48EF00118E60DAE00E9A170 /* p_background@2x.png */; };
		E48EF00B18E611B800E9A170 /* review_background_blank.png in Resources */ = {isa = PBXBuildFile; fileRef = E48EF00A18E611B800E9A170 /* review_background_blank.png */; };
		E48EF02A18E6145F00E9A170 /* ParallaxImage31.jpg in Resources */ = {isa = PBXBuildFile; fileRef = E48EF00C18E6145F00E9A170 /* ParallaxImage31.jpg */; };
		E48EF02B18E6145F00E9A170 /* ParallaxImage30.jpg in Resources */ = {isa = PBXBuildFile; fileRef = E48EF00D18E6145F00E9A170 /* ParallaxImage30.jpg */; };
		E48EF02C18E6145F00E9A170 /* ParallaxImage29.jpg in Resources */ = {isa = PBXBuildFile; fileRef = E48EF00E18E6145F00E9A170 /* ParallaxImage29.jpg */; };
		E48EF02D18E6145F00E9A170 /* ParallaxImage28.jpg in Resources */ = {isa = PBXBuildFile; fileRef = E48EF00F18E6145F00E9A170 /* ParallaxImage28.jpg */; };
		E48EF02E18E6145F00E9A170 /* ParallaxImage27.jpg in Resources */ = {isa = PBXBuildFile; fileRef = E48EF01018E6145F00E9A170 /* ParallaxImage27.jpg */; };
		E48EF02F18E6145F00E9A170 /* ParallaxImage26.jpg in Resources */ = {isa = PBXBuildFile; fileRef = E48EF01118E6145F00E9A170 /* ParallaxImage26.jpg */; };
		E48EF03018E6145F00E9A170 /* ParallaxImage25.jpg in Resources */ = {isa = PBXBuildFile; fileRef = E48EF01218E6145F00E9A170 /* ParallaxImage25.jpg */; };
		E48EF03118E6145F00E9A170 /* ParallaxImage24.jpg in Resources */ = {isa = PBXBuildFile; fileRef = E48EF01318E6145F00E9A170 /* ParallaxImage24.jpg */; };
		E48EF03218E6145F00E9A170 /* ParallaxImage23.jpg in Resources */ = {isa = PBXBuildFile; fileRef = E48EF01418E6145F00E9A170 /* ParallaxImage23.jpg */; };
		E48EF03318E6145F00E9A170 /* ParallaxImage22.jpg in Resources */ = {isa = PBXBuildFile; fileRef = E48EF01518E6145F00E9A170 /* ParallaxImage22.jpg */; };
		E48EF03418E6145F00E9A170 /* ParallaxImage21.jpg in Resources */ = {isa = PBXBuildFile; fileRef = E48EF01618E6145F00E9A170 /* ParallaxImage21.jpg */; };
		E48EF03518E6145F00E9A170 /* ParallaxImage20.jpg in Resources */ = {isa = PBXBuildFile; fileRef = E48EF01718E6145F00E9A170 /* ParallaxImage20.jpg */; };
		E48EF03618E6145F00E9A170 /* ParallaxImage19.jpg in Resources */ = {isa = PBXBuildFile; fileRef = E48EF01818E6145F00E9A170 /* ParallaxImage19.jpg */; };
		E48EF03718E6145F00E9A170 /* ParallaxImage18.jpg in Resources */ = {isa = PBXBuildFile; fileRef = E48EF01918E6145F00E9A170 /* ParallaxImage18.jpg */; };
		E48EF03818E6145F00E9A170 /* ParallaxImage17.jpg in Resources */ = {isa = PBXBuildFile; fileRef = E48EF01A18E6145F00E9A170 /* ParallaxImage17.jpg */; };
		E48EF03918E6145F00E9A170 /* ParallaxImage16.jpg in Resources */ = {isa = PBXBuildFile; fileRef = E48EF01B18E6145F00E9A170 /* ParallaxImage16.jpg */; };
		E48EF03A18E6145F00E9A170 /* ParallaxImage15.jpg in Resources */ = {isa = PBXBuildFile; fileRef = E48EF01C18E6145F00E9A170 /* ParallaxImage15.jpg */; };
		E48EF03B18E6145F00E9A170 /* ParallaxImage14.jpg in Resources */ = {isa = PBXBuildFile; fileRef = E48EF01D18E6145F00E9A170 /* ParallaxImage14.jpg */; };
		E48EF03C18E6145F00E9A170 /* ParallaxImage13.jpg in Resources */ = {isa = PBXBuildFile; fileRef = E48EF01E18E6145F00E9A170 /* ParallaxImage13.jpg */; };
		E48EF03D18E6145F00E9A170 /* ParallaxImage12.jpg in Resources */ = {isa = PBXBuildFile; fileRef = E48EF01F18E6145F00E9A170 /* ParallaxImage12.jpg */; };
		E48EF03E18E6145F00E9A170 /* ParallaxImage11.jpg in Resources */ = {isa = PBXBuildFile; fileRef = E48EF02018E6145F00E9A170 /* ParallaxImage11.jpg */; };
		E48EF03F18E6145F00E9A170 /* ParallaxImage10.jpg in Resources */ = {isa = PBXBuildFile; fileRef = E48EF02118E6145F00E9A170 /* ParallaxImage10.jpg */; };
		E48EF04018E6145F00E9A170 /* ParallaxImage09.jpg in Resources */ = {isa = PBXBuildFile; fileRef = E48EF02218E6145F00E9A170 /* ParallaxImage09.jpg */; };
		E48EF04118E6145F00E9A170 /* ParallaxImage08.jpg in Resources */ = {isa = PBXBuildFile; fileRef = E48EF02318E6145F00E9A170 /* ParallaxImage08.jpg */; };
		E48EF04218E6145F00E9A170 /* ParallaxImage07.jpg in Resources */ = {isa = PBXBuildFile; fileRef = E48EF02418E6145F00E9A170 /* ParallaxImage07.jpg */; };
		E48EF04318E6145F00E9A170 /* ParallaxImage06.jpg in Resources */ = {isa = PBXBuildFile; fileRef = E48EF02518E6145F00E9A170 /* ParallaxImage06.jpg */; };
		E48EF04418E6145F00E9A170 /* ParallaxImage05.jpg in Resources */ = {isa = PBXBuildFile; fileRef = E48EF02618E6145F00E9A170 /* ParallaxImage05.jpg */; };
		E48EF04518E6145F00E9A170 /* ParallaxImage04.jpg in Resources */ = {isa = PBXBuildFile; fileRef = E48EF02718E6145F00E9A170 /* ParallaxImage04.jpg */; };
		E48EF04618E6145F00E9A170 /* ParallaxImage03.jpg in Resources */ = {isa = PBXBuildFile; fileRef = E48EF02818E6145F00E9A170 /* ParallaxImage03.jpg */; };
		E48EF04718E6145F00E9A170 /* ParallaxImage02.jpg in Resources */ = {isa = PBXBuildFile; fileRef = E48EF02918E6145F00E9A170 /* ParallaxImage02.jpg */; };
		E4B58A8C18A7681100DA3372 /* PDTimeList.plist in Resources */ = {isa = PBXBuildFile; fileRef = E4B58A8B18A7681100DA3372 /* PDTimeList.plist */; };
		E4B58A8E18A7720900DA3372 /* PDDurationList.plist in Resources */ = {isa = PBXBuildFile; fileRef = E4B58A8D18A7720900DA3372 /* PDDurationList.plist */; };
		E4B58A9118A77D0C00DA3372 /* PDAddMoodViewController.m in Sources */ = {isa = PBXBuildFile; fileRef = E4B58A9018A77D0C00DA3372 /* PDAddMoodViewController.m */; };
		E4B58A9418A77DC700DA3372 /* PDAddNoteViewController.m in Sources */ = {isa = PBXBuildFile; fileRef = E4B58A9318A77DC700DA3372 /* PDAddNoteViewController.m */; };
		E4B58A9718A7965C00DA3372 /* PDActivityDataController.m in Sources */ = {isa = PBXBuildFile; fileRef = E4B58A9618A7965C00DA3372 /* PDActivityDataController.m */; };
		E4C655CE18DF616100650C10 /* Parse.framework in Frameworks */ = {isa = PBXBuildFile; fileRef = E4C655CD18DF616100650C10 /* Parse.framework */; };
		E4C655D018DF621C00650C10 /* AudioToolbox.framework in Frameworks */ = {isa = PBXBuildFile; fileRef = E4C655CF18DF621C00650C10 /* AudioToolbox.framework */; };
		E4C655D218DF622400650C10 /* CFNetwork.framework in Frameworks */ = {isa = PBXBuildFile; fileRef = E4C655D118DF622400650C10 /* CFNetwork.framework */; };
		E4C655D418DF623A00650C10 /* CoreLocation.framework in Frameworks */ = {isa = PBXBuildFile; fileRef = E4C655D318DF623A00650C10 /* CoreLocation.framework */; };
		E4C655D618DF624400650C10 /* libz.dylib in Frameworks */ = {isa = PBXBuildFile; fileRef = E4C655D518DF624400650C10 /* libz.dylib */; };
		E4C655D818DF624C00650C10 /* MobileCoreServices.framework in Frameworks */ = {isa = PBXBuildFile; fileRef = E4C655D718DF624C00650C10 /* MobileCoreServices.framework */; };
		E4C655DA18DF625500650C10 /* QuartzCore.framework in Frameworks */ = {isa = PBXBuildFile; fileRef = E4C655D918DF625500650C10 /* QuartzCore.framework */; };
		E4C655DC18DF625D00650C10 /* Security.framework in Frameworks */ = {isa = PBXBuildFile; fileRef = E4C655DB18DF625C00650C10 /* Security.framework */; };
		E4C655DE18DF626300650C10 /* StoreKit.framework in Frameworks */ = {isa = PBXBuildFile; fileRef = E4C655DD18DF626300650C10 /* StoreKit.framework */; };
		E4C655E018DF626D00650C10 /* SystemConfiguration.framework in Frameworks */ = {isa = PBXBuildFile; fileRef = E4C655DF18DF626D00650C10 /* SystemConfiguration.framework */; };
		E4D1747418A8BAFD00201ADC /* PDReviewCellWithNoteAndImage.xib in Resources */ = {isa = PBXBuildFile; fileRef = E4D1747318A8BAFD00201ADC /* PDReviewCellWithNoteAndImage.xib */; };
		E4D1747618A8BB1200201ADC /* PDReviewCellWithNote.xib in Resources */ = {isa = PBXBuildFile; fileRef = E4D1747518A8BB1200201ADC /* PDReviewCellWithNote.xib */; };
		E4D1747818A8BB8700201ADC /* PDReviewCell.xib in Resources */ = {isa = PBXBuildFile; fileRef = E4D1747718A8BB8700201ADC /* PDReviewCell.xib */; };
		E4D1747A18A8BBA700201ADC /* PDReviewInsightCell.xib in Resources */ = {isa = PBXBuildFile; fileRef = E4D1747918A8BBA700201ADC /* PDReviewInsightCell.xib */; };
		E4FAD10418DF786D0093ACBA /* ParallaxImage01.jpg in Resources */ = {isa = PBXBuildFile; fileRef = E4FAD10318DF786D0093ACBA /* ParallaxImage01.jpg */; };
		E4FAD10C18DF848F0093ACBA /* review_background.png in Resources */ = {isa = PBXBuildFile; fileRef = E4FAD10B18DF848F0093ACBA /* review_background.png */; };
/* End PBXBuildFile section */

/* Begin PBXContainerItemProxy section */
		E476707D180CE021002E261A /* PBXContainerItemProxy */ = {
			isa = PBXContainerItemProxy;
			containerPortal = E476704C180CE020002E261A /* Project object */;
			proxyType = 1;
			remoteGlobalIDString = E4767053180CE020002E261A;
			remoteInfo = PerfectDiet;
		};
/* End PBXContainerItemProxy section */

/* Begin PBXFileReference section */
		2BB99C58B13A49499E38C81D /* libPods.a */ = {isa = PBXFileReference; explicitFileType = archive.ar; includeInIndex = 0; path = libPods.a; sourceTree = BUILT_PRODUCTS_DIR; };
		57209292D5634C34B6FAEDAD /* Pods.xcconfig */ = {isa = PBXFileReference; includeInIndex = 1; lastKnownFileType = text.xcconfig; name = Pods.xcconfig; path = Pods/Pods.xcconfig; sourceTree = "<group>"; };
		E407591F18E47ECB003B12B9 /* PDPFActivity.h */ = {isa = PBXFileReference; fileEncoding = 4; lastKnownFileType = sourcecode.c.h; path = PDPFActivity.h; sourceTree = "<group>"; };
		E407592018E47ECB003B12B9 /* PDPFActivity.m */ = {isa = PBXFileReference; fileEncoding = 4; lastKnownFileType = sourcecode.c.objc; path = PDPFActivity.m; sourceTree = "<group>"; };
		E407592218E4A4E6003B12B9 /* PDMoreItemTableViewController.h */ = {isa = PBXFileReference; fileEncoding = 4; lastKnownFileType = sourcecode.c.h; path = PDMoreItemTableViewController.h; sourceTree = "<group>"; };
		E407592318E4A4E6003B12B9 /* PDMoreItemTableViewController.m */ = {isa = PBXFileReference; fileEncoding = 4; lastKnownFileType = sourcecode.c.objc; path = PDMoreItemTableViewController.m; sourceTree = "<group>"; };
		E407592518E4A8A8003B12B9 /* PDActivityType.h */ = {isa = PBXFileReference; fileEncoding = 4; lastKnownFileType = sourcecode.c.h; path = PDActivityType.h; sourceTree = "<group>"; };
		E407592618E4A8A8003B12B9 /* PDActivityType.m */ = {isa = PBXFileReference; fileEncoding = 4; lastKnownFileType = sourcecode.c.objc; path = PDActivityType.m; sourceTree = "<group>"; };
		E407592B18E4AFDE003B12B9 /* PDNewItemViewController.h */ = {isa = PBXFileReference; fileEncoding = 4; lastKnownFileType = sourcecode.c.h; path = PDNewItemViewController.h; sourceTree = "<group>"; };
		E407592C18E4AFDE003B12B9 /* PDNewItemViewController.m */ = {isa = PBXFileReference; fileEncoding = 4; lastKnownFileType = sourcecode.c.objc; path = PDNewItemViewController.m; sourceTree = "<group>"; };
		E407592E18E4B8BC003B12B9 /* PDChooseTypeTableViewController.h */ = {isa = PBXFileReference; fileEncoding = 4; lastKnownFileType = sourcecode.c.h; path = PDChooseTypeTableViewController.h; sourceTree = "<group>"; };
		E407592F18E4B8BC003B12B9 /* PDChooseTypeTableViewController.m */ = {isa = PBXFileReference; fileEncoding = 4; lastKnownFileType = sourcecode.c.objc; path = PDChooseTypeTableViewController.m; sourceTree = "<group>"; };
		E43DA99818A4180D005F6F52 /* Media.xcassets */ = {isa = PBXFileReference; lastKnownFileType = folder.assetcatalog; path = Media.xcassets; sourceTree = "<group>"; };
		E43DA9B818A42E4F005F6F52 /* PDLogViewController.h */ = {isa = PBXFileReference; fileEncoding = 4; lastKnownFileType = sourcecode.c.h; path = PDLogViewController.h; sourceTree = "<group>"; };
		E43DA9B918A42E4F005F6F52 /* PDLogViewController.m */ = {isa = PBXFileReference; fileEncoding = 4; lastKnownFileType = sourcecode.c.objc; path = PDLogViewController.m; sourceTree = "<group>"; };
		E43DA9BC18A432A7005F6F52 /* PDLogScreenCell.h */ = {isa = PBXFileReference; fileEncoding = 4; lastKnownFileType = sourcecode.c.h; path = PDLogScreenCell.h; sourceTree = "<group>"; };
		E43DA9BD18A432A7005F6F52 /* PDLogScreenCell.m */ = {isa = PBXFileReference; fileEncoding = 4; lastKnownFileType = sourcecode.c.objc; path = PDLogScreenCell.m; sourceTree = "<group>"; };
		E43DA9BF18A43489005F6F52 /* PDConstants.h */ = {isa = PBXFileReference; fileEncoding = 4; lastKnownFileType = sourcecode.c.h; path = PDConstants.h; sourceTree = "<group>"; };
		E43DA9C018A43489005F6F52 /* PDConstants.m */ = {isa = PBXFileReference; fileEncoding = 4; lastKnownFileType = sourcecode.c.objc; path = PDConstants.m; sourceTree = "<group>"; };
		E43DA9C318A4B4AC005F6F52 /* PDLogObjectModel.xcdatamodel */ = {isa = PBXFileReference; lastKnownFileType = wrapper.xcdatamodel; path = PDLogObjectModel.xcdatamodel; sourceTree = "<group>"; };
		E43DA9C518A4B4E7005F6F52 /* CoreData.framework */ = {isa = PBXFileReference; lastKnownFileType = wrapper.framework; name = CoreData.framework; path = System/Library/Frameworks/CoreData.framework; sourceTree = SDKROOT; };
		E43DA9C718A4BB0B005F6F52 /* PDActivityList.plist */ = {isa = PBXFileReference; fileEncoding = 4; lastKnownFileType = text.plist.xml; path = PDActivityList.plist; sourceTree = "<group>"; };
		E43DA9C918A4BB1A005F6F52 /* PDFoodList.plist */ = {isa = PBXFileReference; fileEncoding = 4; lastKnownFileType = text.plist.xml; path = PDFoodList.plist; sourceTree = "<group>"; };
		E43DA9CB18A4BB25005F6F52 /* PDMoodList.plist */ = {isa = PBXFileReference; fileEncoding = 4; lastKnownFileType = text.plist.xml; path = PDMoodList.plist; sourceTree = "<group>"; };
		E43DA9CF18A4BD5B005F6F52 /* PDActivityTypeList.plist */ = {isa = PBXFileReference; fileEncoding = 4; lastKnownFileType = text.plist.xml; path = PDActivityTypeList.plist; sourceTree = "<group>"; };
		E43DA9D118A4BD83005F6F52 /* PDMoodTypeList.plist */ = {isa = PBXFileReference; fileEncoding = 4; lastKnownFileType = text.plist.xml; path = PDMoodTypeList.plist; sourceTree = "<group>"; };
		E43DA9D318A4BD8E005F6F52 /* PDFoodTypeList.plist */ = {isa = PBXFileReference; fileEncoding = 4; lastKnownFileType = text.plist.xml; path = PDFoodTypeList.plist; sourceTree = "<group>"; };
		E43DA9D518A4C1DB005F6F52 /* PDPropertyListController.h */ = {isa = PBXFileReference; fileEncoding = 4; lastKnownFileType = sourcecode.c.h; path = PDPropertyListController.h; sourceTree = "<group>"; };
		E43DA9D618A4C1DB005F6F52 /* PDPropertyListController.m */ = {isa = PBXFileReference; fileEncoding = 4; lastKnownFileType = sourcecode.c.objc; path = PDPropertyListController.m; sourceTree = "<group>"; };
		E43DA9D818A4D3AD005F6F52 /* PDSaveLogViewController.h */ = {isa = PBXFileReference; fileEncoding = 4; lastKnownFileType = sourcecode.c.h; path = PDSaveLogViewController.h; sourceTree = "<group>"; };
		E43DA9D918A4D3AD005F6F52 /* PDSaveLogViewController.m */ = {isa = PBXFileReference; fileEncoding = 4; lastKnownFileType = sourcecode.c.objc; path = PDSaveLogViewController.m; sourceTree = "<group>"; };
		E43DA9E318A508FE005F6F52 /* PDSaveProductivityLogViewController.h */ = {isa = PBXFileReference; fileEncoding = 4; lastKnownFileType = sourcecode.c.h; path = PDSaveProductivityLogViewController.h; sourceTree = "<group>"; };
		E43DA9E418A508FE005F6F52 /* PDSaveProductivityLogViewController.m */ = {isa = PBXFileReference; fileEncoding = 4; lastKnownFileType = sourcecode.c.objc; path = PDSaveProductivityLogViewController.m; sourceTree = "<group>"; };
		E43DA9EC18A512C1005F6F52 /* PDSplashViewController.h */ = {isa = PBXFileReference; fileEncoding = 4; lastKnownFileType = sourcecode.c.h; path = PDSplashViewController.h; sourceTree = "<group>"; };
		E43DA9ED18A512C1005F6F52 /* PDSplashViewController.m */ = {isa = PBXFileReference; fileEncoding = 4; lastKnownFileType = sourcecode.c.objc; path = PDSplashViewController.m; sourceTree = "<group>"; };
		E43DA9F118A5186D005F6F52 /* LogMoodWheelView.xib */ = {isa = PBXFileReference; fileEncoding = 4; lastKnownFileType = file.xib; path = LogMoodWheelView.xib; sourceTree = "<group>"; };
		E43DA9F318A51931005F6F52 /* LogCollectionViewCell.xib */ = {isa = PBXFileReference; fileEncoding = 4; lastKnownFileType = file.xib; path = LogCollectionViewCell.xib; sourceTree = "<group>"; };
		E46909C918DF6527007BBB64 /* FacebookSDK.framework */ = {isa = PBXFileReference; lastKnownFileType = wrapper.framework; name = FacebookSDK.framework; path = ../../../../../../../../Documents/FacebookSDK/FacebookSDK.framework; sourceTree = "<group>"; };
		E46A0DC118A53CD60093CF05 /* PDSettingsViewController.h */ = {isa = PBXFileReference; fileEncoding = 4; lastKnownFileType = sourcecode.c.h; path = PDSettingsViewController.h; sourceTree = "<group>"; };
		E46A0DC218A53CD60093CF05 /* PDSettingsViewController.m */ = {isa = PBXFileReference; fileEncoding = 4; lastKnownFileType = sourcecode.c.objc; path = PDSettingsViewController.m; sourceTree = "<group>"; };
		E46A0DC418A53E570093CF05 /* PDAddFriendsViewController.h */ = {isa = PBXFileReference; fileEncoding = 4; lastKnownFileType = sourcecode.c.h; path = PDAddFriendsViewController.h; sourceTree = "<group>"; };
		E46A0DC518A53E570093CF05 /* PDAddFriendsViewController.m */ = {isa = PBXFileReference; fileEncoding = 4; lastKnownFileType = sourcecode.c.objc; path = PDAddFriendsViewController.m; sourceTree = "<group>"; };
		E46A0DC718A546F30093CF05 /* LogCollectionView.xib */ = {isa = PBXFileReference; fileEncoding = 4; lastKnownFileType = file.xib; path = LogCollectionView.xib; sourceTree = "<group>"; };
		E46A0DC918A54C210093CF05 /* PDMoodWheelView.h */ = {isa = PBXFileReference; fileEncoding = 4; lastKnownFileType = sourcecode.c.h; path = PDMoodWheelView.h; sourceTree = "<group>"; };
		E46A0DCA18A54C210093CF05 /* PDMoodWheelView.m */ = {isa = PBXFileReference; fileEncoding = 4; lastKnownFileType = sourcecode.c.objc; path = PDMoodWheelView.m; sourceTree = "<group>"; };
		E46EC9F718A9341D00FE23AE /* PDReviewCell.h */ = {isa = PBXFileReference; fileEncoding = 4; lastKnownFileType = sourcecode.c.h; path = PDReviewCell.h; sourceTree = "<group>"; };
		E46EC9F818A9341D00FE23AE /* PDReviewCell.m */ = {isa = PBXFileReference; fileEncoding = 4; lastKnownFileType = sourcecode.c.objc; path = PDReviewCell.m; sourceTree = "<group>"; };
		E46EC9FA18A9351500FE23AE /* PDReviewCellWithImage.xib */ = {isa = PBXFileReference; fileEncoding = 4; lastKnownFileType = file.xib; path = PDReviewCellWithImage.xib; sourceTree = "<group>"; };
		E46EC9FC18A9433200FE23AE /* PDTodayTableViewController.h */ = {isa = PBXFileReference; fileEncoding = 4; lastKnownFileType = sourcecode.c.h; path = PDTodayTableViewController.h; sourceTree = "<group>"; };
		E46EC9FD18A9433200FE23AE /* PDTodayTableViewController.m */ = {isa = PBXFileReference; fileEncoding = 4; lastKnownFileType = sourcecode.c.objc; path = PDTodayTableViewController.m; sourceTree = "<group>"; };
		E46EC9FF18A943A000FE23AE /* PDTodayTopTableViewCell.h */ = {isa = PBXFileReference; fileEncoding = 4; lastKnownFileType = sourcecode.c.h; path = PDTodayTopTableViewCell.h; sourceTree = "<group>"; };
		E46ECA0018A943A000FE23AE /* PDTodayTopTableViewCell.m */ = {isa = PBXFileReference; fileEncoding = 4; lastKnownFileType = sourcecode.c.objc; path = PDTodayTopTableViewCell.m; sourceTree = "<group>"; };
		E4767054180CE020002E261A /* PerfectDiet.app */ = {isa = PBXFileReference; explicitFileType = wrapper.application; includeInIndex = 0; path = PerfectDiet.app; sourceTree = BUILT_PRODUCTS_DIR; };
		E4767057180CE020002E261A /* Foundation.framework */ = {isa = PBXFileReference; lastKnownFileType = wrapper.framework; name = Foundation.framework; path = System/Library/Frameworks/Foundation.framework; sourceTree = SDKROOT; };
		E4767059180CE020002E261A /* CoreGraphics.framework */ = {isa = PBXFileReference; lastKnownFileType = wrapper.framework; name = CoreGraphics.framework; path = System/Library/Frameworks/CoreGraphics.framework; sourceTree = SDKROOT; };
		E476705B180CE020002E261A /* UIKit.framework */ = {isa = PBXFileReference; lastKnownFileType = wrapper.framework; name = UIKit.framework; path = System/Library/Frameworks/UIKit.framework; sourceTree = SDKROOT; };
		E476705F180CE020002E261A /* PerfectDiet-Info.plist */ = {isa = PBXFileReference; lastKnownFileType = text.plist.xml; path = "PerfectDiet-Info.plist"; sourceTree = "<group>"; };
		E4767061180CE020002E261A /* en */ = {isa = PBXFileReference; lastKnownFileType = text.plist.strings; name = en; path = en.lproj/InfoPlist.strings; sourceTree = "<group>"; };
		E4767063180CE020002E261A /* main.m */ = {isa = PBXFileReference; lastKnownFileType = sourcecode.c.objc; path = main.m; sourceTree = "<group>"; };
		E4767065180CE021002E261A /* PerfectDiet-Prefix.pch */ = {isa = PBXFileReference; lastKnownFileType = sourcecode.c.h; path = "PerfectDiet-Prefix.pch"; sourceTree = "<group>"; };
		E4767066180CE021002E261A /* PDAppDelegate.h */ = {isa = PBXFileReference; lastKnownFileType = sourcecode.c.h; path = PDAppDelegate.h; sourceTree = "<group>"; };
		E4767067180CE021002E261A /* PDAppDelegate.m */ = {isa = PBXFileReference; lastKnownFileType = sourcecode.c.objc; path = PDAppDelegate.m; sourceTree = "<group>"; };
		E476706A180CE021002E261A /* Base */ = {isa = PBXFileReference; lastKnownFileType = file.storyboard; name = Base; path = Base.lproj/Main_iPhone.storyboard; sourceTree = "<group>"; };
		E476706F180CE021002E261A /* PDViewController.h */ = {isa = PBXFileReference; lastKnownFileType = sourcecode.c.h; path = PDViewController.h; sourceTree = "<group>"; };
		E4767070180CE021002E261A /* PDViewController.m */ = {isa = PBXFileReference; lastKnownFileType = sourcecode.c.objc; path = PDViewController.m; sourceTree = "<group>"; };
		E4767072180CE021002E261A /* Images.xcassets */ = {isa = PBXFileReference; lastKnownFileType = folder.assetcatalog; path = Images.xcassets; sourceTree = "<group>"; };
		E4767078180CE021002E261A /* PerfectDietTests.xctest */ = {isa = PBXFileReference; explicitFileType = wrapper.cfbundle; includeInIndex = 0; path = PerfectDietTests.xctest; sourceTree = BUILT_PRODUCTS_DIR; };
		E4767079180CE021002E261A /* XCTest.framework */ = {isa = PBXFileReference; lastKnownFileType = wrapper.framework; name = XCTest.framework; path = Library/Frameworks/XCTest.framework; sourceTree = DEVELOPER_DIR; };
		E4767081180CE021002E261A /* PerfectDietTests-Info.plist */ = {isa = PBXFileReference; lastKnownFileType = text.plist.xml; path = "PerfectDietTests-Info.plist"; sourceTree = "<group>"; };
		E4767083180CE021002E261A /* en */ = {isa = PBXFileReference; lastKnownFileType = text.plist.strings; name = en; path = en.lproj/InfoPlist.strings; sourceTree = "<group>"; };
		E4767085180CE021002E261A /* PerfectDietTests.m */ = {isa = PBXFileReference; lastKnownFileType = sourcecode.c.objc; path = PerfectDietTests.m; sourceTree = "<group>"; };
		E48EEFED18E5BE6F00E9A170 /* PDProductivityCell.xib */ = {isa = PBXFileReference; fileEncoding = 4; lastKnownFileType = file.xib; path = PDProductivityCell.xib; sourceTree = "<group>"; };
		E48EEFEF18E5BF6B00E9A170 /* PDProductivityTableViewCell.h */ = {isa = PBXFileReference; fileEncoding = 4; lastKnownFileType = sourcecode.c.h; path = PDProductivityTableViewCell.h; sourceTree = "<group>"; };
		E48EEFF018E5BF6B00E9A170 /* PDProductivityTableViewCell.m */ = {isa = PBXFileReference; fileEncoding = 4; lastKnownFileType = sourcecode.c.objc; path = PDProductivityTableViewCell.m; sourceTree = "<group>"; };
		E48EEFF518E5CA9500E9A170 /* PDMonthTableViewController.h */ = {isa = PBXFileReference; fileEncoding = 4; lastKnownFileType = sourcecode.c.h; path = PDMonthTableViewController.h; sourceTree = "<group>"; };
		E48EEFF618E5CA9500E9A170 /* PDMonthTableViewController.m */ = {isa = PBXFileReference; fileEncoding = 4; lastKnownFileType = sourcecode.c.objc; path = PDMonthTableViewController.m; sourceTree = "<group>"; };
		E48EF00018E60DAE00E9A170 /* p_background.png */ = {isa = PBXFileReference; lastKnownFileType = image.png; path = p_background.png; sourceTree = "<group>"; };
		E48EF00118E60DAE00E9A170 /* p_background@2x.png */ = {isa = PBXFileReference; lastKnownFileType = image.png; path = "p_background@2x.png"; sourceTree = "<group>"; };
		E48EF00A18E611B800E9A170 /* review_background_blank.png */ = {isa = PBXFileReference; lastKnownFileType = image.png; path = review_background_blank.png; sourceTree = "<group>"; };
		E48EF00C18E6145F00E9A170 /* ParallaxImage31.jpg */ = {isa = PBXFileReference; lastKnownFileType = image.jpeg; path = ParallaxImage31.jpg; sourceTree = "<group>"; };
		E48EF00D18E6145F00E9A170 /* ParallaxImage30.jpg */ = {isa = PBXFileReference; lastKnownFileType = image.jpeg; path = ParallaxImage30.jpg; sourceTree = "<group>"; };
		E48EF00E18E6145F00E9A170 /* ParallaxImage29.jpg */ = {isa = PBXFileReference; lastKnownFileType = image.jpeg; path = ParallaxImage29.jpg; sourceTree = "<group>"; };
		E48EF00F18E6145F00E9A170 /* ParallaxImage28.jpg */ = {isa = PBXFileReference; lastKnownFileType = image.jpeg; path = ParallaxImage28.jpg; sourceTree = "<group>"; };
		E48EF01018E6145F00E9A170 /* ParallaxImage27.jpg */ = {isa = PBXFileReference; lastKnownFileType = image.jpeg; path = ParallaxImage27.jpg; sourceTree = "<group>"; };
		E48EF01118E6145F00E9A170 /* ParallaxImage26.jpg */ = {isa = PBXFileReference; lastKnownFileType = image.jpeg; path = ParallaxImage26.jpg; sourceTree = "<group>"; };
		E48EF01218E6145F00E9A170 /* ParallaxImage25.jpg */ = {isa = PBXFileReference; lastKnownFileType = image.jpeg; path = ParallaxImage25.jpg; sourceTree = "<group>"; };
		E48EF01318E6145F00E9A170 /* ParallaxImage24.jpg */ = {isa = PBXFileReference; lastKnownFileType = image.jpeg; path = ParallaxImage24.jpg; sourceTree = "<group>"; };
		E48EF01418E6145F00E9A170 /* ParallaxImage23.jpg */ = {isa = PBXFileReference; lastKnownFileType = image.jpeg; path = ParallaxImage23.jpg; sourceTree = "<group>"; };
		E48EF01518E6145F00E9A170 /* ParallaxImage22.jpg */ = {isa = PBXFileReference; lastKnownFileType = image.jpeg; path = ParallaxImage22.jpg; sourceTree = "<group>"; };
		E48EF01618E6145F00E9A170 /* ParallaxImage21.jpg */ = {isa = PBXFileReference; lastKnownFileType = image.jpeg; path = ParallaxImage21.jpg; sourceTree = "<group>"; };
		E48EF01718E6145F00E9A170 /* ParallaxImage20.jpg */ = {isa = PBXFileReference; lastKnownFileType = image.jpeg; path = ParallaxImage20.jpg; sourceTree = "<group>"; };
		E48EF01818E6145F00E9A170 /* ParallaxImage19.jpg */ = {isa = PBXFileReference; lastKnownFileType = image.jpeg; path = ParallaxImage19.jpg; sourceTree = "<group>"; };
		E48EF01918E6145F00E9A170 /* ParallaxImage18.jpg */ = {isa = PBXFileReference; lastKnownFileType = image.jpeg; path = ParallaxImage18.jpg; sourceTree = "<group>"; };
		E48EF01A18E6145F00E9A170 /* ParallaxImage17.jpg */ = {isa = PBXFileReference; lastKnownFileType = image.jpeg; path = ParallaxImage17.jpg; sourceTree = "<group>"; };
		E48EF01B18E6145F00E9A170 /* ParallaxImage16.jpg */ = {isa = PBXFileReference; lastKnownFileType = image.jpeg; path = ParallaxImage16.jpg; sourceTree = "<group>"; };
		E48EF01C18E6145F00E9A170 /* ParallaxImage15.jpg */ = {isa = PBXFileReference; lastKnownFileType = image.jpeg; path = ParallaxImage15.jpg; sourceTree = "<group>"; };
		E48EF01D18E6145F00E9A170 /* ParallaxImage14.jpg */ = {isa = PBXFileReference; lastKnownFileType = image.jpeg; path = ParallaxImage14.jpg; sourceTree = "<group>"; };
		E48EF01E18E6145F00E9A170 /* ParallaxImage13.jpg */ = {isa = PBXFileReference; lastKnownFileType = image.jpeg; path = ParallaxImage13.jpg; sourceTree = "<group>"; };
		E48EF01F18E6145F00E9A170 /* ParallaxImage12.jpg */ = {isa = PBXFileReference; lastKnownFileType = image.jpeg; path = ParallaxImage12.jpg; sourceTree = "<group>"; };
		E48EF02018E6145F00E9A170 /* ParallaxImage11.jpg */ = {isa = PBXFileReference; lastKnownFileType = image.jpeg; path = ParallaxImage11.jpg; sourceTree = "<group>"; };
		E48EF02118E6145F00E9A170 /* ParallaxImage10.jpg */ = {isa = PBXFileReference; lastKnownFileType = image.jpeg; path = ParallaxImage10.jpg; sourceTree = "<group>"; };
		E48EF02218E6145F00E9A170 /* ParallaxImage09.jpg */ = {isa = PBXFileReference; lastKnownFileType = image.jpeg; path = ParallaxImage09.jpg; sourceTree = "<group>"; };
		E48EF02318E6145F00E9A170 /* ParallaxImage08.jpg */ = {isa = PBXFileReference; lastKnownFileType = image.jpeg; path = ParallaxImage08.jpg; sourceTree = "<group>"; };
		E48EF02418E6145F00E9A170 /* ParallaxImage07.jpg */ = {isa = PBXFileReference; lastKnownFileType = image.jpeg; path = ParallaxImage07.jpg; sourceTree = "<group>"; };
		E48EF02518E6145F00E9A170 /* ParallaxImage06.jpg */ = {isa = PBXFileReference; lastKnownFileType = image.jpeg; path = ParallaxImage06.jpg; sourceTree = "<group>"; };
		E48EF02618E6145F00E9A170 /* ParallaxImage05.jpg */ = {isa = PBXFileReference; lastKnownFileType = image.jpeg; path = ParallaxImage05.jpg; sourceTree = "<group>"; };
		E48EF02718E6145F00E9A170 /* ParallaxImage04.jpg */ = {isa = PBXFileReference; lastKnownFileType = image.jpeg; path = ParallaxImage04.jpg; sourceTree = "<group>"; };
		E48EF02818E6145F00E9A170 /* ParallaxImage03.jpg */ = {isa = PBXFileReference; lastKnownFileType = image.jpeg; path = ParallaxImage03.jpg; sourceTree = "<group>"; };
		E48EF02918E6145F00E9A170 /* ParallaxImage02.jpg */ = {isa = PBXFileReference; lastKnownFileType = image.jpeg; path = ParallaxImage02.jpg; sourceTree = "<group>"; };
		E4B58A8B18A7681100DA3372 /* PDTimeList.plist */ = {isa = PBXFileReference; fileEncoding = 4; lastKnownFileType = text.plist.xml; path = PDTimeList.plist; sourceTree = "<group>"; };
		E4B58A8D18A7720900DA3372 /* PDDurationList.plist */ = {isa = PBXFileReference; fileEncoding = 4; lastKnownFileType = text.plist.xml; path = PDDurationList.plist; sourceTree = "<group>"; };
		E4B58A8F18A77D0C00DA3372 /* PDAddMoodViewController.h */ = {isa = PBXFileReference; fileEncoding = 4; lastKnownFileType = sourcecode.c.h; path = PDAddMoodViewController.h; sourceTree = "<group>"; };
		E4B58A9018A77D0C00DA3372 /* PDAddMoodViewController.m */ = {isa = PBXFileReference; fileEncoding = 4; lastKnownFileType = sourcecode.c.objc; path = PDAddMoodViewController.m; sourceTree = "<group>"; };
		E4B58A9218A77DC700DA3372 /* PDAddNoteViewController.h */ = {isa = PBXFileReference; fileEncoding = 4; lastKnownFileType = sourcecode.c.h; path = PDAddNoteViewController.h; sourceTree = "<group>"; };
		E4B58A9318A77DC700DA3372 /* PDAddNoteViewController.m */ = {isa = PBXFileReference; fileEncoding = 4; lastKnownFileType = sourcecode.c.objc; path = PDAddNoteViewController.m; sourceTree = "<group>"; };
		E4B58A9518A7965C00DA3372 /* PDActivityDataController.h */ = {isa = PBXFileReference; fileEncoding = 4; lastKnownFileType = sourcecode.c.h; path = PDActivityDataController.h; sourceTree = "<group>"; };
		E4B58A9618A7965C00DA3372 /* PDActivityDataController.m */ = {isa = PBXFileReference; fileEncoding = 4; lastKnownFileType = sourcecode.c.objc; path = PDActivityDataController.m; sourceTree = "<group>"; };
		E4C655CD18DF616100650C10 /* Parse.framework */ = {isa = PBXFileReference; lastKnownFileType = wrapper.framework; path = Parse.framework; sourceTree = "<group>"; };
		E4C655CF18DF621C00650C10 /* AudioToolbox.framework */ = {isa = PBXFileReference; lastKnownFileType = wrapper.framework; name = AudioToolbox.framework; path = System/Library/Frameworks/AudioToolbox.framework; sourceTree = SDKROOT; };
		E4C655D118DF622400650C10 /* CFNetwork.framework */ = {isa = PBXFileReference; lastKnownFileType = wrapper.framework; name = CFNetwork.framework; path = System/Library/Frameworks/CFNetwork.framework; sourceTree = SDKROOT; };
		E4C655D318DF623A00650C10 /* CoreLocation.framework */ = {isa = PBXFileReference; lastKnownFileType = wrapper.framework; name = CoreLocation.framework; path = System/Library/Frameworks/CoreLocation.framework; sourceTree = SDKROOT; };
		E4C655D518DF624400650C10 /* libz.dylib */ = {isa = PBXFileReference; lastKnownFileType = "compiled.mach-o.dylib"; name = libz.dylib; path = usr/lib/libz.dylib; sourceTree = SDKROOT; };
		E4C655D718DF624C00650C10 /* MobileCoreServices.framework */ = {isa = PBXFileReference; lastKnownFileType = wrapper.framework; name = MobileCoreServices.framework; path = System/Library/Frameworks/MobileCoreServices.framework; sourceTree = SDKROOT; };
		E4C655D918DF625500650C10 /* QuartzCore.framework */ = {isa = PBXFileReference; lastKnownFileType = wrapper.framework; name = QuartzCore.framework; path = System/Library/Frameworks/QuartzCore.framework; sourceTree = SDKROOT; };
		E4C655DB18DF625C00650C10 /* Security.framework */ = {isa = PBXFileReference; lastKnownFileType = wrapper.framework; name = Security.framework; path = System/Library/Frameworks/Security.framework; sourceTree = SDKROOT; };
		E4C655DD18DF626300650C10 /* StoreKit.framework */ = {isa = PBXFileReference; lastKnownFileType = wrapper.framework; name = StoreKit.framework; path = System/Library/Frameworks/StoreKit.framework; sourceTree = SDKROOT; };
		E4C655DF18DF626D00650C10 /* SystemConfiguration.framework */ = {isa = PBXFileReference; lastKnownFileType = wrapper.framework; name = SystemConfiguration.framework; path = System/Library/Frameworks/SystemConfiguration.framework; sourceTree = SDKROOT; };
		E4D1747318A8BAFD00201ADC /* PDReviewCellWithNoteAndImage.xib */ = {isa = PBXFileReference; fileEncoding = 4; lastKnownFileType = file.xib; path = PDReviewCellWithNoteAndImage.xib; sourceTree = "<group>"; };
		E4D1747518A8BB1200201ADC /* PDReviewCellWithNote.xib */ = {isa = PBXFileReference; fileEncoding = 4; lastKnownFileType = file.xib; path = PDReviewCellWithNote.xib; sourceTree = "<group>"; };
		E4D1747718A8BB8700201ADC /* PDReviewCell.xib */ = {isa = PBXFileReference; fileEncoding = 4; lastKnownFileType = file.xib; path = PDReviewCell.xib; sourceTree = "<group>"; };
		E4D1747918A8BBA700201ADC /* PDReviewInsightCell.xib */ = {isa = PBXFileReference; fileEncoding = 4; lastKnownFileType = file.xib; path = PDReviewInsightCell.xib; sourceTree = "<group>"; };
		E4FAD10318DF786D0093ACBA /* ParallaxImage01.jpg */ = {isa = PBXFileReference; lastKnownFileType = image.jpeg; path = ParallaxImage01.jpg; sourceTree = "<group>"; };
		E4FAD10B18DF848F0093ACBA /* review_background.png */ = {isa = PBXFileReference; lastKnownFileType = image.png; path = review_background.png; sourceTree = "<group>"; };
/* End PBXFileReference section */

/* Begin PBXFrameworksBuildPhase section */
		E4767051180CE020002E261A /* Frameworks */ = {
			isa = PBXFrameworksBuildPhase;
			buildActionMask = 2147483647;
			files = (
				E4C655E018DF626D00650C10 /* SystemConfiguration.framework in Frameworks */,
				E4C655DE18DF626300650C10 /* StoreKit.framework in Frameworks */,
				E4C655DC18DF625D00650C10 /* Security.framework in Frameworks */,
				E4C655DA18DF625500650C10 /* QuartzCore.framework in Frameworks */,
				E4C655D818DF624C00650C10 /* MobileCoreServices.framework in Frameworks */,
				E4C655D618DF624400650C10 /* libz.dylib in Frameworks */,
				E4C655D418DF623A00650C10 /* CoreLocation.framework in Frameworks */,
				E476705A180CE020002E261A /* CoreGraphics.framework in Frameworks */,
				E4C655D218DF622400650C10 /* CFNetwork.framework in Frameworks */,
				E4C655D018DF621C00650C10 /* AudioToolbox.framework in Frameworks */,
				E43DA9C618A4B4E7005F6F52 /* CoreData.framework in Frameworks */,
				E476705C180CE020002E261A /* UIKit.framework in Frameworks */,
				E4767058180CE020002E261A /* Foundation.framework in Frameworks */,
				E46909CA18DF6527007BBB64 /* FacebookSDK.framework in Frameworks */,
				E4C655CE18DF616100650C10 /* Parse.framework in Frameworks */,
				18EBCB3DB35A4CE08D427CCF /* libPods.a in Frameworks */,
			);
			runOnlyForDeploymentPostprocessing = 0;
		};
		E4767075180CE021002E261A /* Frameworks */ = {
			isa = PBXFrameworksBuildPhase;
			buildActionMask = 2147483647;
			files = (
				E476707A180CE021002E261A /* XCTest.framework in Frameworks */,
				E476707C180CE021002E261A /* UIKit.framework in Frameworks */,
				E476707B180CE021002E261A /* Foundation.framework in Frameworks */,
			);
			runOnlyForDeploymentPostprocessing = 0;
		};
/* End PBXFrameworksBuildPhase section */

/* Begin PBXGroup section */
		E43DA99A18A4270A005F6F52 /* View */ = {
			isa = PBXGroup;
			children = (
				E43DA9F518A51936005F6F52 /* Nibs */,
				E43DA9BB18A430F5005F6F52 /* Cells */,
				E46A0DC918A54C210093CF05 /* PDMoodWheelView.h */,
				E46A0DCA18A54C210093CF05 /* PDMoodWheelView.m */,
			);
			name = View;
			sourceTree = "<group>";
		};
		E43DA99B18A42728005F6F52 /* Model */ = {
			isa = PBXGroup;
			children = (
				E407591F18E47ECB003B12B9 /* PDPFActivity.h */,
				E407592018E47ECB003B12B9 /* PDPFActivity.m */,
				E407592518E4A8A8003B12B9 /* PDActivityType.h */,
				E407592618E4A8A8003B12B9 /* PDActivityType.m */,
			);
			name = Model;
			sourceTree = "<group>";
		};
		E43DA9B718A42DF2005F6F52 /* ViewControllers */ = {
			isa = PBXGroup;
			children = (
				E43DA9B818A42E4F005F6F52 /* PDLogViewController.h */,
				E43DA9B918A42E4F005F6F52 /* PDLogViewController.m */,
				E43DA9D818A4D3AD005F6F52 /* PDSaveLogViewController.h */,
				E43DA9D918A4D3AD005F6F52 /* PDSaveLogViewController.m */,
				E407592218E4A4E6003B12B9 /* PDMoreItemTableViewController.h */,
				E407592318E4A4E6003B12B9 /* PDMoreItemTableViewController.m */,
				E43DA9E318A508FE005F6F52 /* PDSaveProductivityLogViewController.h */,
				E43DA9E418A508FE005F6F52 /* PDSaveProductivityLogViewController.m */,
				E43DA9EC18A512C1005F6F52 /* PDSplashViewController.h */,
				E43DA9ED18A512C1005F6F52 /* PDSplashViewController.m */,
				E46A0DC118A53CD60093CF05 /* PDSettingsViewController.h */,
				E46A0DC218A53CD60093CF05 /* PDSettingsViewController.m */,
				E46A0DC418A53E570093CF05 /* PDAddFriendsViewController.h */,
				E46A0DC518A53E570093CF05 /* PDAddFriendsViewController.m */,
				E4B58A8F18A77D0C00DA3372 /* PDAddMoodViewController.h */,
				E4B58A9018A77D0C00DA3372 /* PDAddMoodViewController.m */,
				E4B58A9218A77DC700DA3372 /* PDAddNoteViewController.h */,
				E4B58A9318A77DC700DA3372 /* PDAddNoteViewController.m */,
				E46EC9FC18A9433200FE23AE /* PDTodayTableViewController.h */,
				E46EC9FD18A9433200FE23AE /* PDTodayTableViewController.m */,
				E407592B18E4AFDE003B12B9 /* PDNewItemViewController.h */,
				E407592C18E4AFDE003B12B9 /* PDNewItemViewController.m */,
				E407592E18E4B8BC003B12B9 /* PDChooseTypeTableViewController.h */,
				E407592F18E4B8BC003B12B9 /* PDChooseTypeTableViewController.m */,
				E48EEFF518E5CA9500E9A170 /* PDMonthTableViewController.h */,
				E48EEFF618E5CA9500E9A170 /* PDMonthTableViewController.m */,
			);
			name = ViewControllers;
			sourceTree = "<group>";
		};
		E43DA9BB18A430F5005F6F52 /* Cells */ = {
			isa = PBXGroup;
			children = (
				E43DA9BC18A432A7005F6F52 /* PDLogScreenCell.h */,
				E43DA9BD18A432A7005F6F52 /* PDLogScreenCell.m */,
				E46EC9F718A9341D00FE23AE /* PDReviewCell.h */,
				E46EC9F818A9341D00FE23AE /* PDReviewCell.m */,
				E46EC9FF18A943A000FE23AE /* PDTodayTopTableViewCell.h */,
				E46ECA0018A943A000FE23AE /* PDTodayTopTableViewCell.m */,
				E48EEFEF18E5BF6B00E9A170 /* PDProductivityTableViewCell.h */,
				E48EEFF018E5BF6B00E9A170 /* PDProductivityTableViewCell.m */,
			);
			name = Cells;
			sourceTree = "<group>";
		};
		E43DA9F518A51936005F6F52 /* Nibs */ = {
			isa = PBXGroup;
			children = (
				E46EC9FA18A9351500FE23AE /* PDReviewCellWithImage.xib */,
				E4D1747318A8BAFD00201ADC /* PDReviewCellWithNoteAndImage.xib */,
				E4D1747518A8BB1200201ADC /* PDReviewCellWithNote.xib */,
				E4D1747718A8BB8700201ADC /* PDReviewCell.xib */,
				E4D1747918A8BBA700201ADC /* PDReviewInsightCell.xib */,
				E46A0DC718A546F30093CF05 /* LogCollectionView.xib */,
				E43DA9F118A5186D005F6F52 /* LogMoodWheelView.xib */,
				E43DA9F318A51931005F6F52 /* LogCollectionViewCell.xib */,
				E48EEFED18E5BE6F00E9A170 /* PDProductivityCell.xib */,
			);
			name = Nibs;
			sourceTree = "<group>";
		};
		E46A0DCC18A564F90093CF05 /* DataControllers */ = {
			isa = PBXGroup;
			children = (
				E43DA9D518A4C1DB005F6F52 /* PDPropertyListController.h */,
				E43DA9D618A4C1DB005F6F52 /* PDPropertyListController.m */,
				E4B58A9518A7965C00DA3372 /* PDActivityDataController.h */,
				E4B58A9618A7965C00DA3372 /* PDActivityDataController.m */,
			);
			name = DataControllers;
			sourceTree = "<group>";
		};
		E476704B180CE020002E261A = {
			isa = PBXGroup;
			children = (
				E476705D180CE020002E261A /* PerfectDiet */,
				E476707F180CE021002E261A /* PerfectDietTests */,
				E4767056180CE020002E261A /* Frameworks */,
				E4767055180CE020002E261A /* Products */,
				57209292D5634C34B6FAEDAD /* Pods.xcconfig */,
			);
			sourceTree = "<group>";
		};
		E4767055180CE020002E261A /* Products */ = {
			isa = PBXGroup;
			children = (
				E4767054180CE020002E261A /* PerfectDiet.app */,
				E4767078180CE021002E261A /* PerfectDietTests.xctest */,
			);
			name = Products;
			sourceTree = "<group>";
		};
		E4767056180CE020002E261A /* Frameworks */ = {
			isa = PBXGroup;
			children = (
				E46909C918DF6527007BBB64 /* FacebookSDK.framework */,
				E4C655DF18DF626D00650C10 /* SystemConfiguration.framework */,
				E4C655DD18DF626300650C10 /* StoreKit.framework */,
				E4C655DB18DF625C00650C10 /* Security.framework */,
				E4C655D918DF625500650C10 /* QuartzCore.framework */,
				E4C655D718DF624C00650C10 /* MobileCoreServices.framework */,
				E4C655D518DF624400650C10 /* libz.dylib */,
				E4C655D318DF623A00650C10 /* CoreLocation.framework */,
				E4C655D118DF622400650C10 /* CFNetwork.framework */,
				E4C655CF18DF621C00650C10 /* AudioToolbox.framework */,
				E4C655CD18DF616100650C10 /* Parse.framework */,
				E43DA9C518A4B4E7005F6F52 /* CoreData.framework */,
				E4767057180CE020002E261A /* Foundation.framework */,
				E4767059180CE020002E261A /* CoreGraphics.framework */,
				E476705B180CE020002E261A /* UIKit.framework */,
				E4767079180CE021002E261A /* XCTest.framework */,
				2BB99C58B13A49499E38C81D /* libPods.a */,
			);
			name = Frameworks;
			sourceTree = "<group>";
		};
		E476705D180CE020002E261A /* PerfectDiet */ = {
			isa = PBXGroup;
			children = (
				E43DA9BF18A43489005F6F52 /* PDConstants.h */,
				E43DA9C018A43489005F6F52 /* PDConstants.m */,
				E46A0DCC18A564F90093CF05 /* DataControllers */,
				E43DA9B718A42DF2005F6F52 /* ViewControllers */,
				E43DA99B18A42728005F6F52 /* Model */,
				E43DA99A18A4270A005F6F52 /* View */,
				E4767066180CE021002E261A /* PDAppDelegate.h */,
				E4767067180CE021002E261A /* PDAppDelegate.m */,
				E4767069180CE021002E261A /* Main_iPhone.storyboard */,
				E43DA99818A4180D005F6F52 /* Media.xcassets */,
				E476706F180CE021002E261A /* PDViewController.h */,
				E4767070180CE021002E261A /* PDViewController.m */,
				E4767072180CE021002E261A /* Images.xcassets */,
				E476705E180CE020002E261A /* Supporting Files */,
				E43DA9C218A4B4AC005F6F52 /* PDLogObjectModel.xcdatamodeld */,
			);
			path = PerfectDiet;
			sourceTree = "<group>";
		};
		E476705E180CE020002E261A /* Supporting Files */ = {
			isa = PBXGroup;
			children = (
				E48EF00C18E6145F00E9A170 /* ParallaxImage31.jpg */,
				E48EF00D18E6145F00E9A170 /* ParallaxImage30.jpg */,
				E48EF00E18E6145F00E9A170 /* ParallaxImage29.jpg */,
				E48EF00F18E6145F00E9A170 /* ParallaxImage28.jpg */,
				E48EF01018E6145F00E9A170 /* ParallaxImage27.jpg */,
				E48EF01118E6145F00E9A170 /* ParallaxImage26.jpg */,
				E48EF01218E6145F00E9A170 /* ParallaxImage25.jpg */,
				E48EF01318E6145F00E9A170 /* ParallaxImage24.jpg */,
				E48EF01418E6145F00E9A170 /* ParallaxImage23.jpg */,
				E48EF01518E6145F00E9A170 /* ParallaxImage22.jpg */,
				E48EF01618E6145F00E9A170 /* ParallaxImage21.jpg */,
				E48EF01718E6145F00E9A170 /* ParallaxImage20.jpg */,
				E48EF01818E6145F00E9A170 /* ParallaxImage19.jpg */,
				E48EF01918E6145F00E9A170 /* ParallaxImage18.jpg */,
				E48EF01A18E6145F00E9A170 /* ParallaxImage17.jpg */,
				E48EF01B18E6145F00E9A170 /* ParallaxImage16.jpg */,
				E48EF01C18E6145F00E9A170 /* ParallaxImage15.jpg */,
				E48EF01D18E6145F00E9A170 /* ParallaxImage14.jpg */,
				E48EF01E18E6145F00E9A170 /* ParallaxImage13.jpg */,
				E48EF01F18E6145F00E9A170 /* ParallaxImage12.jpg */,
				E48EF02018E6145F00E9A170 /* ParallaxImage11.jpg */,
				E48EF02118E6145F00E9A170 /* ParallaxImage10.jpg */,
				E48EF02218E6145F00E9A170 /* ParallaxImage09.jpg */,
				E48EF02318E6145F00E9A170 /* ParallaxImage08.jpg */,
				E48EF02418E6145F00E9A170 /* ParallaxImage07.jpg */,
				E48EF02518E6145F00E9A170 /* ParallaxImage06.jpg */,
				E48EF02618E6145F00E9A170 /* ParallaxImage05.jpg */,
				E48EF02718E6145F00E9A170 /* ParallaxImage04.jpg */,
				E48EF02818E6145F00E9A170 /* ParallaxImage03.jpg */,
				E48EF02918E6145F00E9A170 /* ParallaxImage02.jpg */,
				E4FAD10318DF786D0093ACBA /* ParallaxImage01.jpg */,
				E48EF00018E60DAE00E9A170 /* p_background.png */,
				E48EF00118E60DAE00E9A170 /* p_background@2x.png */,
				E48EF00A18E611B800E9A170 /* review_background_blank.png */,
				E4FAD10B18DF848F0093ACBA /* review_background.png */,
				E476705F180CE020002E261A /* PerfectDiet-Info.plist */,
				E4767060180CE020002E261A /* InfoPlist.strings */,
				E4767063180CE020002E261A /* main.m */,
				E4767065180CE021002E261A /* PerfectDiet-Prefix.pch */,
				E43DA9C718A4BB0B005F6F52 /* PDActivityList.plist */,
				E43DA9C918A4BB1A005F6F52 /* PDFoodList.plist */,
				E43DA9CB18A4BB25005F6F52 /* PDMoodList.plist */,
				E43DA9CF18A4BD5B005F6F52 /* PDActivityTypeList.plist */,
				E43DA9D118A4BD83005F6F52 /* PDMoodTypeList.plist */,
				E43DA9D318A4BD8E005F6F52 /* PDFoodTypeList.plist */,
				E4B58A8B18A7681100DA3372 /* PDTimeList.plist */,
				E4B58A8D18A7720900DA3372 /* PDDurationList.plist */,
			);
			name = "Supporting Files";
			sourceTree = "<group>";
		};
		E476707F180CE021002E261A /* PerfectDietTests */ = {
			isa = PBXGroup;
			children = (
				E4767085180CE021002E261A /* PerfectDietTests.m */,
				E4767080180CE021002E261A /* Supporting Files */,
			);
			path = PerfectDietTests;
			sourceTree = "<group>";
		};
		E4767080180CE021002E261A /* Supporting Files */ = {
			isa = PBXGroup;
			children = (
				E4767081180CE021002E261A /* PerfectDietTests-Info.plist */,
				E4767082180CE021002E261A /* InfoPlist.strings */,
			);
			name = "Supporting Files";
			sourceTree = "<group>";
		};
/* End PBXGroup section */

/* Begin PBXNativeTarget section */
		E4767053180CE020002E261A /* PerfectDiet */ = {
			isa = PBXNativeTarget;
			buildConfigurationList = E4767089180CE021002E261A /* Build configuration list for PBXNativeTarget "PerfectDiet" */;
			buildPhases = (
				09AB7E1C4B3E4935B8DEB969 /* Check Pods Manifest.lock */,
				E4767050180CE020002E261A /* Sources */,
				E4767051180CE020002E261A /* Frameworks */,
				E4767052180CE020002E261A /* Resources */,
				CFE80256C9254B6B9D1ADACF /* Copy Pods Resources */,
			);
			buildRules = (
			);
			dependencies = (
			);
			name = PerfectDiet;
			productName = PerfectDiet;
			productReference = E4767054180CE020002E261A /* PerfectDiet.app */;
			productType = "com.apple.product-type.application";
		};
		E4767077180CE021002E261A /* PerfectDietTests */ = {
			isa = PBXNativeTarget;
			buildConfigurationList = E476708C180CE021002E261A /* Build configuration list for PBXNativeTarget "PerfectDietTests" */;
			buildPhases = (
				E4767074180CE021002E261A /* Sources */,
				E4767075180CE021002E261A /* Frameworks */,
				E4767076180CE021002E261A /* Resources */,
			);
			buildRules = (
			);
			dependencies = (
				E476707E180CE021002E261A /* PBXTargetDependency */,
			);
			name = PerfectDietTests;
			productName = PerfectDietTests;
			productReference = E4767078180CE021002E261A /* PerfectDietTests.xctest */;
			productType = "com.apple.product-type.bundle.unit-test";
		};
/* End PBXNativeTarget section */

/* Begin PBXProject section */
		E476704C180CE020002E261A /* Project object */ = {
			isa = PBXProject;
			attributes = {
				CLASSPREFIX = PD;
				LastUpgradeCheck = 0510;
				ORGANIZATIONNAME = NUS;
				TargetAttributes = {
					E4767053180CE020002E261A = {
						DevelopmentTeam = H5GVH69TV5;
					};
					E4767077180CE021002E261A = {
						TestTargetID = E4767053180CE020002E261A;
					};
				};
			};
			buildConfigurationList = E476704F180CE020002E261A /* Build configuration list for PBXProject "PerfectDiet" */;
			compatibilityVersion = "Xcode 3.2";
			developmentRegion = English;
			hasScannedForEncodings = 0;
			knownRegions = (
				en,
				Base,
			);
			mainGroup = E476704B180CE020002E261A;
			productRefGroup = E4767055180CE020002E261A /* Products */;
			projectDirPath = "";
			projectRoot = "";
			targets = (
				E4767053180CE020002E261A /* PerfectDiet */,
				E4767077180CE021002E261A /* PerfectDietTests */,
			);
		};
/* End PBXProject section */

/* Begin PBXResourcesBuildPhase section */
		E4767052180CE020002E261A /* Resources */ = {
			isa = PBXResourcesBuildPhase;
			buildActionMask = 2147483647;
			files = (
				E4B58A8C18A7681100DA3372 /* PDTimeList.plist in Resources */,
				E43DA9D218A4BD83005F6F52 /* PDMoodTypeList.plist in Resources */,
				E48EF03C18E6145F00E9A170 /* ParallaxImage13.jpg in Resources */,
				E48EF02F18E6145F00E9A170 /* ParallaxImage26.jpg in Resources */,
				E48EF04318E6145F00E9A170 /* ParallaxImage06.jpg in Resources */,
				E48EF00B18E611B800E9A170 /* review_background_blank.png in Resources */,
				E48EF02E18E6145F00E9A170 /* ParallaxImage27.jpg in Resources */,
				E43DA9D418A4BD8E005F6F52 /* PDFoodTypeList.plist in Resources */,
				E48EF00318E60DAE00E9A170 /* p_background@2x.png in Resources */,
				E48EF04618E6145F00E9A170 /* ParallaxImage03.jpg in Resources */,
				E48EF03418E6145F00E9A170 /* ParallaxImage21.jpg in Resources */,
				E43DA99918A4180D005F6F52 /* Media.xcassets in Resources */,
				E4D1747A18A8BBA700201ADC /* PDReviewInsightCell.xib in Resources */,
				E48EF03F18E6145F00E9A170 /* ParallaxImage10.jpg in Resources */,
				E4B58A8E18A7720900DA3372 /* PDDurationList.plist in Resources */,
				E48EF02A18E6145F00E9A170 /* ParallaxImage31.jpg in Resources */,
				E48EF04218E6145F00E9A170 /* ParallaxImage07.jpg in Resources */,
				E43DA9CC18A4BB25005F6F52 /* PDMoodList.plist in Resources */,
				E43DA9D018A4BD5B005F6F52 /* PDActivityTypeList.plist in Resources */,
				E43DA9F218A5186D005F6F52 /* LogMoodWheelView.xib in Resources */,
				E48EF03B18E6145F00E9A170 /* ParallaxImage14.jpg in Resources */,
				E48EF03318E6145F00E9A170 /* ParallaxImage22.jpg in Resources */,
				E4D1747818A8BB8700201ADC /* PDReviewCell.xib in Resources */,
				E48EF03618E6145F00E9A170 /* ParallaxImage19.jpg in Resources */,
				E4767073180CE021002E261A /* Images.xcassets in Resources */,
				E4D1747418A8BAFD00201ADC /* PDReviewCellWithNoteAndImage.xib in Resources */,
				E476706B180CE021002E261A /* Main_iPhone.storyboard in Resources */,
				E48EF04518E6145F00E9A170 /* ParallaxImage04.jpg in Resources */,
				E46A0DC818A546F30093CF05 /* LogCollectionView.xib in Resources */,
				E4767062180CE020002E261A /* InfoPlist.strings in Resources */,
				E48EF03E18E6145F00E9A170 /* ParallaxImage11.jpg in Resources */,
				E48EF03218E6145F00E9A170 /* ParallaxImage23.jpg in Resources */,
				E48EF04418E6145F00E9A170 /* ParallaxImage05.jpg in Resources */,
				E43DA9CA18A4BB1A005F6F52 /* PDFoodList.plist in Resources */,
				E48EF03518E6145F00E9A170 /* ParallaxImage20.jpg in Resources */,
				E46EC9FB18A9351500FE23AE /* PDReviewCellWithImage.xib in Resources */,
				E48EF04018E6145F00E9A170 /* ParallaxImage09.jpg in Resources */,
				E48EF03818E6145F00E9A170 /* ParallaxImage17.jpg in Resources */,
				E48EF03718E6145F00E9A170 /* ParallaxImage18.jpg in Resources */,
				E48EF03D18E6145F00E9A170 /* ParallaxImage12.jpg in Resources */,
				E48EF03918E6145F00E9A170 /* ParallaxImage16.jpg in Resources */,
				E48EF03118E6145F00E9A170 /* ParallaxImage24.jpg in Resources */,
				E48EF02D18E6145F00E9A170 /* ParallaxImage28.jpg in Resources */,
				E48EEFEE18E5BE6F00E9A170 /* PDProductivityCell.xib in Resources */,
				E48EF00218E60DAE00E9A170 /* p_background.png in Resources */,
				E4FAD10C18DF848F0093ACBA /* review_background.png in Resources */,
				E48EF02C18E6145F00E9A170 /* ParallaxImage29.jpg in Resources */,
				E43DA9C818A4BB0B005F6F52 /* PDActivityList.plist in Resources */,
				E43DA9F418A51931005F6F52 /* LogCollectionViewCell.xib in Resources */,
				E48EF04118E6145F00E9A170 /* ParallaxImage08.jpg in Resources */,
				E48EF02B18E6145F00E9A170 /* ParallaxImage30.jpg in Resources */,
				E48EF03A18E6145F00E9A170 /* ParallaxImage15.jpg in Resources */,
				E48EF04718E6145F00E9A170 /* ParallaxImage02.jpg in Resources */,
				E4D1747618A8BB1200201ADC /* PDReviewCellWithNote.xib in Resources */,
				E4FAD10418DF786D0093ACBA /* ParallaxImage01.jpg in Resources */,
				E48EF03018E6145F00E9A170 /* ParallaxImage25.jpg in Resources */,
			);
			runOnlyForDeploymentPostprocessing = 0;
		};
		E4767076180CE021002E261A /* Resources */ = {
			isa = PBXResourcesBuildPhase;
			buildActionMask = 2147483647;
			files = (
				E4767084180CE021002E261A /* InfoPlist.strings in Resources */,
			);
			runOnlyForDeploymentPostprocessing = 0;
		};
/* End PBXResourcesBuildPhase section */

/* Begin PBXShellScriptBuildPhase section */
		09AB7E1C4B3E4935B8DEB969 /* Check Pods Manifest.lock */ = {
			isa = PBXShellScriptBuildPhase;
			buildActionMask = 2147483647;
			files = (
			);
			inputPaths = (
			);
			name = "Check Pods Manifest.lock";
			outputPaths = (
			);
			runOnlyForDeploymentPostprocessing = 0;
			shellPath = /bin/sh;
			shellScript = "diff \"${PODS_ROOT}/../Podfile.lock\" \"${PODS_ROOT}/Manifest.lock\" > /dev/null\nif [[ $? != 0 ]] ; then\n    cat << EOM\nerror: The sandbox is not in sync with the Podfile.lock. Run 'pod install' or update your CocoaPods installation.\nEOM\n    exit 1\nfi\n";
			showEnvVarsInLog = 0;
		};
		CFE80256C9254B6B9D1ADACF /* Copy Pods Resources */ = {
			isa = PBXShellScriptBuildPhase;
			buildActionMask = 2147483647;
			files = (
			);
			inputPaths = (
			);
			name = "Copy Pods Resources";
			outputPaths = (
			);
			runOnlyForDeploymentPostprocessing = 0;
			shellPath = /bin/sh;
			shellScript = "\"${SRCROOT}/Pods/Pods-resources.sh\"\n";
			showEnvVarsInLog = 0;
		};
/* End PBXShellScriptBuildPhase section */

/* Begin PBXSourcesBuildPhase section */
		E4767050180CE020002E261A /* Sources */ = {
			isa = PBXSourcesBuildPhase;
			buildActionMask = 2147483647;
			files = (
				E407592718E4A8A8003B12B9 /* PDActivityType.m in Sources */,
				E407592418E4A4E6003B12B9 /* PDMoreItemTableViewController.m in Sources */,
				E4767068180CE021002E261A /* PDAppDelegate.m in Sources */,
				E43DA9C118A43489005F6F52 /* PDConstants.m in Sources */,
				E46A0DCB18A54C210093CF05 /* PDMoodWheelView.m in Sources */,
				E4B58A9118A77D0C00DA3372 /* PDAddMoodViewController.m in Sources */,
				E43DA9BE18A432A7005F6F52 /* PDLogScreenCell.m in Sources */,
				E43DA9C418A4B4AC005F6F52 /* PDLogObjectModel.xcdatamodeld in Sources */,
				E46EC9FE18A9433200FE23AE /* PDTodayTableViewController.m in Sources */,
				E46EC9F918A9341D00FE23AE /* PDReviewCell.m in Sources */,
				E407592D18E4AFDE003B12B9 /* PDNewItemViewController.m in Sources */,
				E43DA9E518A508FE005F6F52 /* PDSaveProductivityLogViewController.m in Sources */,
				E46ECA0118A943A000FE23AE /* PDTodayTopTableViewCell.m in Sources */,
				E43DA9BA18A42E4F005F6F52 /* PDLogViewController.m in Sources */,
				E48EEFF718E5CA9500E9A170 /* PDMonthTableViewController.m in Sources */,
				E4B58A9418A77DC700DA3372 /* PDAddNoteViewController.m in Sources */,
				E4B58A9718A7965C00DA3372 /* PDActivityDataController.m in Sources */,
				E4767071180CE021002E261A /* PDViewController.m in Sources */,
				E48EEFF118E5BF6B00E9A170 /* PDProductivityTableViewCell.m in Sources */,
				E46A0DC618A53E570093CF05 /* PDAddFriendsViewController.m in Sources */,
				E407593018E4B8BC003B12B9 /* PDChooseTypeTableViewController.m in Sources */,
				E43DA9EE18A512C1005F6F52 /* PDSplashViewController.m in Sources */,
				E4767064180CE021002E261A /* main.m in Sources */,
				E43DA9D718A4C1DB005F6F52 /* PDPropertyListController.m in Sources */,
				E407592118E47ECB003B12B9 /* PDPFActivity.m in Sources */,
				E43DA9DA18A4D3AD005F6F52 /* PDSaveLogViewController.m in Sources */,
				E46A0DC318A53CD60093CF05 /* PDSettingsViewController.m in Sources */,
			);
			runOnlyForDeploymentPostprocessing = 0;
		};
		E4767074180CE021002E261A /* Sources */ = {
			isa = PBXSourcesBuildPhase;
			buildActionMask = 2147483647;
			files = (
				E4767086180CE021002E261A /* PerfectDietTests.m in Sources */,
			);
			runOnlyForDeploymentPostprocessing = 0;
		};
/* End PBXSourcesBuildPhase section */

/* Begin PBXTargetDependency section */
		E476707E180CE021002E261A /* PBXTargetDependency */ = {
			isa = PBXTargetDependency;
			target = E4767053180CE020002E261A /* PerfectDiet */;
			targetProxy = E476707D180CE021002E261A /* PBXContainerItemProxy */;
		};
/* End PBXTargetDependency section */

/* Begin PBXVariantGroup section */
		E4767060180CE020002E261A /* InfoPlist.strings */ = {
			isa = PBXVariantGroup;
			children = (
				E4767061180CE020002E261A /* en */,
			);
			name = InfoPlist.strings;
			sourceTree = "<group>";
		};
		E4767069180CE021002E261A /* Main_iPhone.storyboard */ = {
			isa = PBXVariantGroup;
			children = (
				E476706A180CE021002E261A /* Base */,
			);
			name = Main_iPhone.storyboard;
			sourceTree = "<group>";
		};
		E4767082180CE021002E261A /* InfoPlist.strings */ = {
			isa = PBXVariantGroup;
			children = (
				E4767083180CE021002E261A /* en */,
			);
			name = InfoPlist.strings;
			sourceTree = "<group>";
		};
/* End PBXVariantGroup section */

/* Begin XCBuildConfiguration section */
		E4767087180CE021002E261A /* Debug */ = {
			isa = XCBuildConfiguration;
			buildSettings = {
				ALWAYS_SEARCH_USER_PATHS = NO;
				CLANG_CXX_LANGUAGE_STANDARD = "gnu++0x";
				CLANG_CXX_LIBRARY = "libc++";
				CLANG_ENABLE_MODULES = YES;
				CLANG_ENABLE_OBJC_ARC = YES;
				CLANG_WARN_BOOL_CONVERSION = YES;
				CLANG_WARN_CONSTANT_CONVERSION = YES;
				CLANG_WARN_DIRECT_OBJC_ISA_USAGE = YES_ERROR;
				CLANG_WARN_EMPTY_BODY = YES;
				CLANG_WARN_ENUM_CONVERSION = YES;
				CLANG_WARN_INT_CONVERSION = YES;
				CLANG_WARN_OBJC_ROOT_CLASS = YES_ERROR;
				CLANG_WARN__DUPLICATE_METHOD_MATCH = YES;
				"CODE_SIGN_IDENTITY[sdk=iphoneos*]" = "iPhone Developer";
				COPY_PHASE_STRIP = NO;
				GCC_C_LANGUAGE_STANDARD = gnu99;
				GCC_DYNAMIC_NO_PIC = NO;
				GCC_OPTIMIZATION_LEVEL = 0;
				GCC_PREPROCESSOR_DEFINITIONS = (
					"DEBUG=1",
					"$(inherited)",
				);
				GCC_SYMBOLS_PRIVATE_EXTERN = NO;
				GCC_WARN_64_TO_32_BIT_CONVERSION = YES;
				GCC_WARN_ABOUT_RETURN_TYPE = YES_ERROR;
				GCC_WARN_UNDECLARED_SELECTOR = YES;
				GCC_WARN_UNINITIALIZED_AUTOS = YES;
				GCC_WARN_UNUSED_FUNCTION = YES;
				GCC_WARN_UNUSED_VARIABLE = YES;
				IPHONEOS_DEPLOYMENT_TARGET = 7.0;
				ONLY_ACTIVE_ARCH = YES;
				SDKROOT = iphoneos;
				TARGETED_DEVICE_FAMILY = "1,2";
			};
			name = Debug;
		};
		E4767088180CE021002E261A /* Release */ = {
			isa = XCBuildConfiguration;
			buildSettings = {
				ALWAYS_SEARCH_USER_PATHS = NO;
				CLANG_CXX_LANGUAGE_STANDARD = "gnu++0x";
				CLANG_CXX_LIBRARY = "libc++";
				CLANG_ENABLE_MODULES = YES;
				CLANG_ENABLE_OBJC_ARC = YES;
				CLANG_WARN_BOOL_CONVERSION = YES;
				CLANG_WARN_CONSTANT_CONVERSION = YES;
				CLANG_WARN_DIRECT_OBJC_ISA_USAGE = YES_ERROR;
				CLANG_WARN_EMPTY_BODY = YES;
				CLANG_WARN_ENUM_CONVERSION = YES;
				CLANG_WARN_INT_CONVERSION = YES;
				CLANG_WARN_OBJC_ROOT_CLASS = YES_ERROR;
				CLANG_WARN__DUPLICATE_METHOD_MATCH = YES;
				"CODE_SIGN_IDENTITY[sdk=iphoneos*]" = "iPhone Developer";
				COPY_PHASE_STRIP = YES;
				ENABLE_NS_ASSERTIONS = NO;
				GCC_C_LANGUAGE_STANDARD = gnu99;
				GCC_WARN_64_TO_32_BIT_CONVERSION = YES;
				GCC_WARN_ABOUT_RETURN_TYPE = YES_ERROR;
				GCC_WARN_UNDECLARED_SELECTOR = YES;
				GCC_WARN_UNINITIALIZED_AUTOS = YES;
				GCC_WARN_UNUSED_FUNCTION = YES;
				GCC_WARN_UNUSED_VARIABLE = YES;
				IPHONEOS_DEPLOYMENT_TARGET = 7.0;
				SDKROOT = iphoneos;
				TARGETED_DEVICE_FAMILY = "1,2";
				VALIDATE_PRODUCT = YES;
			};
			name = Release;
		};
		E476708A180CE021002E261A /* Debug */ = {
			isa = XCBuildConfiguration;
			baseConfigurationReference = 57209292D5634C34B6FAEDAD /* Pods.xcconfig */;
			buildSettings = {
				ASSETCATALOG_COMPILER_APPICON_NAME = AppIcon;
				ASSETCATALOG_COMPILER_LAUNCHIMAGE_NAME = LaunchImage;
				CODE_SIGN_IDENTITY = "iPhone Developer";
				FRAMEWORK_SEARCH_PATHS = (
					"$(inherited)",
					"$(PROJECT_DIR)",
					/Documents/FacebookSDK,
				);
				GCC_PRECOMPILE_PREFIX_HEADER = YES;
				GCC_PREFIX_HEADER = "PerfectDiet/PerfectDiet-Prefix.pch";
				INFOPLIST_FILE = "PerfectDiet/PerfectDiet-Info.plist";
				PRODUCT_NAME = "$(TARGET_NAME)";
				TARGETED_DEVICE_FAMILY = 1;
				WRAPPER_EXTENSION = app;
			};
			name = Debug;
		};
		E476708B180CE021002E261A /* Release */ = {
			isa = XCBuildConfiguration;
			baseConfigurationReference = 57209292D5634C34B6FAEDAD /* Pods.xcconfig */;
			buildSettings = {
				ASSETCATALOG_COMPILER_APPICON_NAME = AppIcon;
				ASSETCATALOG_COMPILER_LAUNCHIMAGE_NAME = LaunchImage;
				CODE_SIGN_IDENTITY = "iPhone Developer";
				FRAMEWORK_SEARCH_PATHS = (
					"$(inherited)",
					"$(PROJECT_DIR)",
					/Documents/FacebookSDK,
				);
				GCC_PRECOMPILE_PREFIX_HEADER = YES;
				GCC_PREFIX_HEADER = "PerfectDiet/PerfectDiet-Prefix.pch";
				INFOPLIST_FILE = "PerfectDiet/PerfectDiet-Info.plist";
				PRODUCT_NAME = "$(TARGET_NAME)";
				TARGETED_DEVICE_FAMILY = 1;
				WRAPPER_EXTENSION = app;
			};
			name = Release;
		};
		E476708D180CE021002E261A /* Debug */ = {
			isa = XCBuildConfiguration;
			buildSettings = {
				BUNDLE_LOADER = "$(BUILT_PRODUCTS_DIR)/PerfectDiet.app/PerfectDiet";
				FRAMEWORK_SEARCH_PATHS = (
					"$(SDKROOT)/Developer/Library/Frameworks",
					"$(inherited)",
					"$(DEVELOPER_FRAMEWORKS_DIR)",
				);
				GCC_PRECOMPILE_PREFIX_HEADER = YES;
				GCC_PREFIX_HEADER = "PerfectDiet/PerfectDiet-Prefix.pch";
				GCC_PREPROCESSOR_DEFINITIONS = (
					"DEBUG=1",
					"$(inherited)",
				);
				INFOPLIST_FILE = "PerfectDietTests/PerfectDietTests-Info.plist";
				PRODUCT_NAME = "$(TARGET_NAME)";
				TEST_HOST = "$(BUNDLE_LOADER)";
				WRAPPER_EXTENSION = xctest;
			};
			name = Debug;
		};
		E476708E180CE021002E261A /* Release */ = {
			isa = XCBuildConfiguration;
			buildSettings = {
				BUNDLE_LOADER = "$(BUILT_PRODUCTS_DIR)/PerfectDiet.app/PerfectDiet";
				FRAMEWORK_SEARCH_PATHS = (
					"$(SDKROOT)/Developer/Library/Frameworks",
					"$(inherited)",
					"$(DEVELOPER_FRAMEWORKS_DIR)",
				);
				GCC_PRECOMPILE_PREFIX_HEADER = YES;
				GCC_PREFIX_HEADER = "PerfectDiet/PerfectDiet-Prefix.pch";
				INFOPLIST_FILE = "PerfectDietTests/PerfectDietTests-Info.plist";
				PRODUCT_NAME = "$(TARGET_NAME)";
				TEST_HOST = "$(BUNDLE_LOADER)";
				WRAPPER_EXTENSION = xctest;
			};
			name = Release;
		};
/* End XCBuildConfiguration section */

/* Begin XCConfigurationList section */
		E476704F180CE020002E261A /* Build configuration list for PBXProject "PerfectDiet" */ = {
			isa = XCConfigurationList;
			buildConfigurations = (
				E4767087180CE021002E261A /* Debug */,
				E4767088180CE021002E261A /* Release */,
			);
			defaultConfigurationIsVisible = 0;
			defaultConfigurationName = Release;
		};
		E4767089180CE021002E261A /* Build configuration list for PBXNativeTarget "PerfectDiet" */ = {
			isa = XCConfigurationList;
			buildConfigurations = (
				E476708A180CE021002E261A /* Debug */,
				E476708B180CE021002E261A /* Release */,
			);
			defaultConfigurationIsVisible = 0;
			defaultConfigurationName = Release;
		};
		E476708C180CE021002E261A /* Build configuration list for PBXNativeTarget "PerfectDietTests" */ = {
			isa = XCConfigurationList;
			buildConfigurations = (
				E476708D180CE021002E261A /* Debug */,
				E476708E180CE021002E261A /* Release */,
			);
			defaultConfigurationIsVisible = 0;
			defaultConfigurationName = Release;
		};
/* End XCConfigurationList section */

/* Begin XCVersionGroup section */
		E43DA9C218A4B4AC005F6F52 /* PDLogObjectModel.xcdatamodeld */ = {
			isa = XCVersionGroup;
			children = (
				E43DA9C318A4B4AC005F6F52 /* PDLogObjectModel.xcdatamodel */,
			);
			currentVersion = E43DA9C318A4B4AC005F6F52 /* PDLogObjectModel.xcdatamodel */;
			path = PDLogObjectModel.xcdatamodeld;
			sourceTree = "<group>";
			versionGroupType = wrapper.xcdatamodel;
		};
/* End XCVersionGroup section */
	};
	rootObject = E476704C180CE020002E261A /* Project object */;
}
