<?xml version="1.0" encoding="UTF-8"?>
<!DOCTYPE plist PUBLIC "-//Apple//DTD PLIST 1.0//EN" "http://www.apple.com/DTDs/PropertyList-1.0.dtd">
<plist version="1.0">
<dict>
	<key>archiveVersion</key>
	<string>1</string>
	<key>classes</key>
	<dict/>
	<key>objectVersion</key>
	<string>46</string>
	<key>objects</key>
	<dict>
		<key>09AB7E1C4B3E4935B8DEB969</key>
		<dict>
			<key>buildActionMask</key>
			<string>2147483647</string>
			<key>files</key>
			<array/>
			<key>inputPaths</key>
			<array/>
			<key>isa</key>
			<string>PBXShellScriptBuildPhase</string>
			<key>name</key>
			<string>Check Pods Manifest.lock</string>
			<key>outputPaths</key>
			<array/>
			<key>runOnlyForDeploymentPostprocessing</key>
			<string>0</string>
			<key>shellPath</key>
			<string>/bin/sh</string>
			<key>shellScript</key>
			<string>diff "${PODS_ROOT}/../Podfile.lock" "${PODS_ROOT}/Manifest.lock" &gt; /dev/null
if [[ $? != 0 ]] ; then
    cat &lt;&lt; EOM
error: The sandbox is not in sync with the Podfile.lock. Run 'pod install' or update your CocoaPods installation.
EOM
    exit 1
fi
</string>
			<key>showEnvVarsInLog</key>
			<string>0</string>
		</dict>
		<key>18EBCB3DB35A4CE08D427CCF</key>
		<dict>
			<key>fileRef</key>
			<string>2BB99C58B13A49499E38C81D</string>
			<key>isa</key>
			<string>PBXBuildFile</string>
		</dict>
		<key>2BB99C58B13A49499E38C81D</key>
		<dict>
			<key>explicitFileType</key>
			<string>archive.ar</string>
			<key>includeInIndex</key>
			<string>0</string>
			<key>isa</key>
			<string>PBXFileReference</string>
			<key>path</key>
			<string>libPods.a</string>
			<key>sourceTree</key>
			<string>BUILT_PRODUCTS_DIR</string>
		</dict>
		<key>57209292D5634C34B6FAEDAD</key>
		<dict>
			<key>includeInIndex</key>
			<string>1</string>
			<key>isa</key>
			<string>PBXFileReference</string>
			<key>lastKnownFileType</key>
			<string>text.xcconfig</string>
			<key>name</key>
			<string>Pods.xcconfig</string>
			<key>path</key>
			<string>Pods/Pods.xcconfig</string>
			<key>sourceTree</key>
			<string>&lt;group&gt;</string>
		</dict>
		<key>CFE80256C9254B6B9D1ADACF</key>
		<dict>
			<key>buildActionMask</key>
			<string>2147483647</string>
			<key>files</key>
			<array/>
			<key>inputPaths</key>
			<array/>
			<key>isa</key>
			<string>PBXShellScriptBuildPhase</string>
			<key>name</key>
			<string>Copy Pods Resources</string>
			<key>outputPaths</key>
			<array/>
			<key>runOnlyForDeploymentPostprocessing</key>
			<string>0</string>
			<key>shellPath</key>
			<string>/bin/sh</string>
			<key>shellScript</key>
			<string>"${SRCROOT}/Pods/Pods-resources.sh"
</string>
			<key>showEnvVarsInLog</key>
			<string>0</string>
		</dict>
		<key>E43DA99818A4180D005F6F52</key>
		<dict>
			<key>isa</key>
			<string>PBXFileReference</string>
			<key>lastKnownFileType</key>
			<string>folder.assetcatalog</string>
			<key>path</key>
			<string>Media.xcassets</string>
			<key>sourceTree</key>
			<string>&lt;group&gt;</string>
		</dict>
		<key>E43DA99918A4180D005F6F52</key>
		<dict>
			<key>fileRef</key>
			<string>E43DA99818A4180D005F6F52</string>
			<key>isa</key>
			<string>PBXBuildFile</string>
		</dict>
		<key>E43DA99A18A4270A005F6F52</key>
		<dict>
			<key>children</key>
			<array>
				<string>E43DA9F518A51936005F6F52</string>
				<string>E43DA9BB18A430F5005F6F52</string>
				<string>E46A0DC918A54C210093CF05</string>
				<string>E46A0DCA18A54C210093CF05</string>
			</array>
			<key>isa</key>
			<string>PBXGroup</string>
			<key>name</key>
			<string>View</string>
			<key>sourceTree</key>
			<string>&lt;group&gt;</string>
		</dict>
		<key>E43DA99B18A42728005F6F52</key>
		<dict>
			<key>children</key>
			<array>
				<string>E43DA99F18A42843005F6F52</string>
				<string>E43DA9A018A42843005F6F52</string>
				<string>E43DA9A218A42854005F6F52</string>
				<string>E43DA9A318A42854005F6F52</string>
				<string>E43DA9A518A42865005F6F52</string>
				<string>E43DA9A618A42865005F6F52</string>
				<string>E43DA9A818A4286D005F6F52</string>
				<string>E43DA9A918A4286D005F6F52</string>
				<string>E43DA9AB18A42879005F6F52</string>
				<string>E43DA9AC18A42879005F6F52</string>
				<string>E43DA9AE18A42C1B005F6F52</string>
				<string>E43DA9AF18A42C1B005F6F52</string>
				<string>E43DA9B118A42C2A005F6F52</string>
				<string>E43DA9B218A42C2A005F6F52</string>
				<string>E43DA9B418A42C3F005F6F52</string>
				<string>E43DA9B518A42C3F005F6F52</string>
			</array>
			<key>isa</key>
			<string>PBXGroup</string>
			<key>name</key>
			<string>Model</string>
			<key>sourceTree</key>
			<string>&lt;group&gt;</string>
		</dict>
		<key>E43DA99F18A42843005F6F52</key>
		<dict>
			<key>fileEncoding</key>
			<string>4</string>
			<key>isa</key>
			<string>PBXFileReference</string>
			<key>lastKnownFileType</key>
			<string>sourcecode.c.h</string>
			<key>path</key>
			<string>PDLogObject.h</string>
			<key>sourceTree</key>
			<string>&lt;group&gt;</string>
		</dict>
		<key>E43DA9A018A42843005F6F52</key>
		<dict>
			<key>fileEncoding</key>
			<string>4</string>
			<key>isa</key>
			<string>PBXFileReference</string>
			<key>lastKnownFileType</key>
			<string>sourcecode.c.objc</string>
			<key>path</key>
			<string>PDLogObject.m</string>
			<key>sourceTree</key>
			<string>&lt;group&gt;</string>
		</dict>
		<key>E43DA9A118A42843005F6F52</key>
		<dict>
			<key>fileRef</key>
			<string>E43DA9A018A42843005F6F52</string>
			<key>isa</key>
			<string>PBXBuildFile</string>
		</dict>
		<key>E43DA9A218A42854005F6F52</key>
		<dict>
			<key>fileEncoding</key>
			<string>4</string>
			<key>isa</key>
			<string>PBXFileReference</string>
			<key>lastKnownFileType</key>
			<string>sourcecode.c.h</string>
			<key>path</key>
			<string>PDActivity.h</string>
			<key>sourceTree</key>
			<string>&lt;group&gt;</string>
		</dict>
		<key>E43DA9A318A42854005F6F52</key>
		<dict>
			<key>fileEncoding</key>
			<string>4</string>
			<key>isa</key>
			<string>PBXFileReference</string>
			<key>lastKnownFileType</key>
			<string>sourcecode.c.objc</string>
			<key>path</key>
			<string>PDActivity.m</string>
			<key>sourceTree</key>
			<string>&lt;group&gt;</string>
		</dict>
		<key>E43DA9A418A42854005F6F52</key>
		<dict>
			<key>fileRef</key>
			<string>E43DA9A318A42854005F6F52</string>
			<key>isa</key>
			<string>PBXBuildFile</string>
		</dict>
		<key>E43DA9A518A42865005F6F52</key>
		<dict>
			<key>fileEncoding</key>
			<string>4</string>
			<key>isa</key>
			<string>PBXFileReference</string>
			<key>lastKnownFileType</key>
			<string>sourcecode.c.h</string>
			<key>path</key>
			<string>PDFood.h</string>
			<key>sourceTree</key>
			<string>&lt;group&gt;</string>
		</dict>
		<key>E43DA9A618A42865005F6F52</key>
		<dict>
			<key>fileEncoding</key>
			<string>4</string>
			<key>isa</key>
			<string>PBXFileReference</string>
			<key>lastKnownFileType</key>
			<string>sourcecode.c.objc</string>
			<key>path</key>
			<string>PDFood.m</string>
			<key>sourceTree</key>
			<string>&lt;group&gt;</string>
		</dict>
		<key>E43DA9A718A42865005F6F52</key>
		<dict>
			<key>fileRef</key>
			<string>E43DA9A618A42865005F6F52</string>
			<key>isa</key>
			<string>PBXBuildFile</string>
		</dict>
		<key>E43DA9A818A4286D005F6F52</key>
		<dict>
			<key>fileEncoding</key>
			<string>4</string>
			<key>isa</key>
			<string>PBXFileReference</string>
			<key>lastKnownFileType</key>
			<string>sourcecode.c.h</string>
			<key>path</key>
			<string>PDMood.h</string>
			<key>sourceTree</key>
			<string>&lt;group&gt;</string>
		</dict>
		<key>E43DA9A918A4286D005F6F52</key>
		<dict>
			<key>fileEncoding</key>
			<string>4</string>
			<key>isa</key>
			<string>PBXFileReference</string>
			<key>lastKnownFileType</key>
			<string>sourcecode.c.objc</string>
			<key>path</key>
			<string>PDMood.m</string>
			<key>sourceTree</key>
			<string>&lt;group&gt;</string>
		</dict>
		<key>E43DA9AA18A4286D005F6F52</key>
		<dict>
			<key>fileRef</key>
			<string>E43DA9A918A4286D005F6F52</string>
			<key>isa</key>
			<string>PBXBuildFile</string>
		</dict>
		<key>E43DA9AB18A42879005F6F52</key>
		<dict>
			<key>fileEncoding</key>
			<string>4</string>
			<key>isa</key>
			<string>PBXFileReference</string>
			<key>lastKnownFileType</key>
			<string>sourcecode.c.h</string>
			<key>path</key>
			<string>PDProductivity.h</string>
			<key>sourceTree</key>
			<string>&lt;group&gt;</string>
		</dict>
		<key>E43DA9AC18A42879005F6F52</key>
		<dict>
			<key>fileEncoding</key>
			<string>4</string>
			<key>isa</key>
			<string>PBXFileReference</string>
			<key>lastKnownFileType</key>
			<string>sourcecode.c.objc</string>
			<key>path</key>
			<string>PDProductivity.m</string>
			<key>sourceTree</key>
			<string>&lt;group&gt;</string>
		</dict>
		<key>E43DA9AD18A42879005F6F52</key>
		<dict>
			<key>fileRef</key>
			<string>E43DA9AC18A42879005F6F52</string>
			<key>isa</key>
			<string>PBXBuildFile</string>
		</dict>
		<key>E43DA9AE18A42C1B005F6F52</key>
		<dict>
			<key>fileEncoding</key>
			<string>4</string>
			<key>isa</key>
			<string>PBXFileReference</string>
			<key>lastKnownFileType</key>
			<string>sourcecode.c.h</string>
			<key>path</key>
			<string>PDNote.h</string>
			<key>sourceTree</key>
			<string>&lt;group&gt;</string>
		</dict>
		<key>E43DA9AF18A42C1B005F6F52</key>
		<dict>
			<key>fileEncoding</key>
			<string>4</string>
			<key>isa</key>
			<string>PBXFileReference</string>
			<key>lastKnownFileType</key>
			<string>sourcecode.c.objc</string>
			<key>path</key>
			<string>PDNote.m</string>
			<key>sourceTree</key>
			<string>&lt;group&gt;</string>
		</dict>
		<key>E43DA9B018A42C1B005F6F52</key>
		<dict>
			<key>fileRef</key>
			<string>E43DA9AF18A42C1B005F6F52</string>
			<key>isa</key>
			<string>PBXBuildFile</string>
		</dict>
		<key>E43DA9B118A42C2A005F6F52</key>
		<dict>
			<key>fileEncoding</key>
			<string>4</string>
			<key>isa</key>
			<string>PBXFileReference</string>
			<key>lastKnownFileType</key>
			<string>sourcecode.c.h</string>
			<key>path</key>
			<string>PDPhoto.h</string>
			<key>sourceTree</key>
			<string>&lt;group&gt;</string>
		</dict>
		<key>E43DA9B218A42C2A005F6F52</key>
		<dict>
			<key>fileEncoding</key>
			<string>4</string>
			<key>isa</key>
			<string>PBXFileReference</string>
			<key>lastKnownFileType</key>
			<string>sourcecode.c.objc</string>
			<key>path</key>
			<string>PDPhoto.m</string>
			<key>sourceTree</key>
			<string>&lt;group&gt;</string>
		</dict>
		<key>E43DA9B318A42C2A005F6F52</key>
		<dict>
			<key>fileRef</key>
			<string>E43DA9B218A42C2A005F6F52</string>
			<key>isa</key>
			<string>PBXBuildFile</string>
		</dict>
		<key>E43DA9B418A42C3F005F6F52</key>
		<dict>
			<key>fileEncoding</key>
			<string>4</string>
			<key>isa</key>
			<string>PBXFileReference</string>
			<key>lastKnownFileType</key>
			<string>sourcecode.c.h</string>
			<key>path</key>
			<string>PDUser.h</string>
			<key>sourceTree</key>
			<string>&lt;group&gt;</string>
		</dict>
		<key>E43DA9B518A42C3F005F6F52</key>
		<dict>
			<key>fileEncoding</key>
			<string>4</string>
			<key>isa</key>
			<string>PBXFileReference</string>
			<key>lastKnownFileType</key>
			<string>sourcecode.c.objc</string>
			<key>path</key>
			<string>PDUser.m</string>
			<key>sourceTree</key>
			<string>&lt;group&gt;</string>
		</dict>
		<key>E43DA9B618A42C3F005F6F52</key>
		<dict>
			<key>fileRef</key>
			<string>E43DA9B518A42C3F005F6F52</string>
			<key>isa</key>
			<string>PBXBuildFile</string>
		</dict>
		<key>E43DA9B718A42DF2005F6F52</key>
		<dict>
			<key>children</key>
			<array>
				<string>E43DA9B818A42E4F005F6F52</string>
				<string>E43DA9B918A42E4F005F6F52</string>
				<string>E43DA9D818A4D3AD005F6F52</string>
				<string>E43DA9D918A4D3AD005F6F52</string>
				<string>E43DA9DB18A4D3D8005F6F52</string>
				<string>E43DA9DC18A4D3D8005F6F52</string>
				<string>E43DA9E318A508FE005F6F52</string>
				<string>E43DA9E418A508FE005F6F52</string>
				<string>E43DA9E618A50DAC005F6F52</string>
				<string>E43DA9E718A50DAC005F6F52</string>
				<string>E43DA9E918A50DB6005F6F52</string>
				<string>E43DA9EA18A50DB6005F6F52</string>
				<string>E43DA9EC18A512C1005F6F52</string>
				<string>E43DA9ED18A512C1005F6F52</string>
				<string>E46A0DC118A53CD60093CF05</string>
				<string>E46A0DC218A53CD60093CF05</string>
				<string>E46A0DC418A53E570093CF05</string>
				<string>E46A0DC518A53E570093CF05</string>
				<string>E4B58A8F18A77D0C00DA3372</string>
				<string>E4B58A9018A77D0C00DA3372</string>
				<string>E4B58A9218A77DC700DA3372</string>
				<string>E4B58A9318A77DC700DA3372</string>
			</array>
			<key>isa</key>
			<string>PBXGroup</string>
			<key>name</key>
			<string>ViewControllers</string>
			<key>sourceTree</key>
			<string>&lt;group&gt;</string>
		</dict>
		<key>E43DA9B818A42E4F005F6F52</key>
		<dict>
			<key>fileEncoding</key>
			<string>4</string>
			<key>isa</key>
			<string>PBXFileReference</string>
			<key>lastKnownFileType</key>
			<string>sourcecode.c.h</string>
			<key>path</key>
			<string>PDLogViewController.h</string>
			<key>sourceTree</key>
			<string>&lt;group&gt;</string>
		</dict>
		<key>E43DA9B918A42E4F005F6F52</key>
		<dict>
			<key>fileEncoding</key>
			<string>4</string>
			<key>isa</key>
			<string>PBXFileReference</string>
			<key>lastKnownFileType</key>
			<string>sourcecode.c.objc</string>
			<key>path</key>
			<string>PDLogViewController.m</string>
			<key>sourceTree</key>
			<string>&lt;group&gt;</string>
		</dict>
		<key>E43DA9BA18A42E4F005F6F52</key>
		<dict>
			<key>fileRef</key>
			<string>E43DA9B918A42E4F005F6F52</string>
			<key>isa</key>
			<string>PBXBuildFile</string>
		</dict>
		<key>E43DA9BB18A430F5005F6F52</key>
		<dict>
			<key>children</key>
			<array>
				<string>E43DA9BC18A432A7005F6F52</string>
				<string>E43DA9BD18A432A7005F6F52</string>
			</array>
			<key>isa</key>
			<string>PBXGroup</string>
			<key>name</key>
			<string>Cells</string>
			<key>sourceTree</key>
			<string>&lt;group&gt;</string>
		</dict>
		<key>E43DA9BC18A432A7005F6F52</key>
		<dict>
			<key>fileEncoding</key>
			<string>4</string>
			<key>isa</key>
			<string>PBXFileReference</string>
			<key>lastKnownFileType</key>
			<string>sourcecode.c.h</string>
			<key>path</key>
			<string>PDLogScreenCell.h</string>
			<key>sourceTree</key>
			<string>&lt;group&gt;</string>
		</dict>
		<key>E43DA9BD18A432A7005F6F52</key>
		<dict>
			<key>fileEncoding</key>
			<string>4</string>
			<key>isa</key>
			<string>PBXFileReference</string>
			<key>lastKnownFileType</key>
			<string>sourcecode.c.objc</string>
			<key>path</key>
			<string>PDLogScreenCell.m</string>
			<key>sourceTree</key>
			<string>&lt;group&gt;</string>
		</dict>
		<key>E43DA9BE18A432A7005F6F52</key>
		<dict>
			<key>fileRef</key>
			<string>E43DA9BD18A432A7005F6F52</string>
			<key>isa</key>
			<string>PBXBuildFile</string>
		</dict>
		<key>E43DA9BF18A43489005F6F52</key>
		<dict>
			<key>fileEncoding</key>
			<string>4</string>
			<key>isa</key>
			<string>PBXFileReference</string>
			<key>lastKnownFileType</key>
			<string>sourcecode.c.h</string>
			<key>path</key>
			<string>PDConstants.h</string>
			<key>sourceTree</key>
			<string>&lt;group&gt;</string>
		</dict>
		<key>E43DA9C018A43489005F6F52</key>
		<dict>
			<key>fileEncoding</key>
			<string>4</string>
			<key>isa</key>
			<string>PBXFileReference</string>
			<key>lastKnownFileType</key>
			<string>sourcecode.c.objc</string>
			<key>path</key>
			<string>PDConstants.m</string>
			<key>sourceTree</key>
			<string>&lt;group&gt;</string>
		</dict>
		<key>E43DA9C118A43489005F6F52</key>
		<dict>
			<key>fileRef</key>
			<string>E43DA9C018A43489005F6F52</string>
			<key>isa</key>
			<string>PBXBuildFile</string>
		</dict>
		<key>E43DA9C218A4B4AC005F6F52</key>
		<dict>
			<key>children</key>
			<array>
				<string>E43DA9C318A4B4AC005F6F52</string>
			</array>
			<key>currentVersion</key>
			<string>E43DA9C318A4B4AC005F6F52</string>
			<key>isa</key>
			<string>XCVersionGroup</string>
			<key>path</key>
			<string>PDLogObjectModel.xcdatamodeld</string>
			<key>sourceTree</key>
			<string>&lt;group&gt;</string>
			<key>versionGroupType</key>
			<string>wrapper.xcdatamodel</string>
		</dict>
		<key>E43DA9C318A4B4AC005F6F52</key>
		<dict>
			<key>isa</key>
			<string>PBXFileReference</string>
			<key>lastKnownFileType</key>
			<string>wrapper.xcdatamodel</string>
			<key>path</key>
			<string>PDLogObjectModel.xcdatamodel</string>
			<key>sourceTree</key>
			<string>&lt;group&gt;</string>
		</dict>
		<key>E43DA9C418A4B4AC005F6F52</key>
		<dict>
			<key>fileRef</key>
			<string>E43DA9C218A4B4AC005F6F52</string>
			<key>isa</key>
			<string>PBXBuildFile</string>
		</dict>
		<key>E43DA9C518A4B4E7005F6F52</key>
		<dict>
			<key>isa</key>
			<string>PBXFileReference</string>
			<key>lastKnownFileType</key>
			<string>wrapper.framework</string>
			<key>name</key>
			<string>CoreData.framework</string>
			<key>path</key>
			<string>System/Library/Frameworks/CoreData.framework</string>
			<key>sourceTree</key>
			<string>SDKROOT</string>
		</dict>
		<key>E43DA9C618A4B4E7005F6F52</key>
		<dict>
			<key>fileRef</key>
			<string>E43DA9C518A4B4E7005F6F52</string>
			<key>isa</key>
			<string>PBXBuildFile</string>
		</dict>
		<key>E43DA9C718A4BB0B005F6F52</key>
		<dict>
			<key>fileEncoding</key>
			<string>4</string>
			<key>isa</key>
			<string>PBXFileReference</string>
			<key>lastKnownFileType</key>
			<string>text.plist.xml</string>
			<key>path</key>
			<string>PDActivityList.plist</string>
			<key>sourceTree</key>
			<string>&lt;group&gt;</string>
		</dict>
		<key>E43DA9C818A4BB0B005F6F52</key>
		<dict>
			<key>fileRef</key>
			<string>E43DA9C718A4BB0B005F6F52</string>
			<key>isa</key>
			<string>PBXBuildFile</string>
		</dict>
		<key>E43DA9C918A4BB1A005F6F52</key>
		<dict>
			<key>fileEncoding</key>
			<string>4</string>
			<key>isa</key>
			<string>PBXFileReference</string>
			<key>lastKnownFileType</key>
			<string>text.plist.xml</string>
			<key>path</key>
			<string>PDFoodList.plist</string>
			<key>sourceTree</key>
			<string>&lt;group&gt;</string>
		</dict>
		<key>E43DA9CA18A4BB1A005F6F52</key>
		<dict>
			<key>fileRef</key>
			<string>E43DA9C918A4BB1A005F6F52</string>
			<key>isa</key>
			<string>PBXBuildFile</string>
		</dict>
		<key>E43DA9CB18A4BB25005F6F52</key>
		<dict>
			<key>fileEncoding</key>
			<string>4</string>
			<key>isa</key>
			<string>PBXFileReference</string>
			<key>lastKnownFileType</key>
			<string>text.plist.xml</string>
			<key>path</key>
			<string>PDMoodList.plist</string>
			<key>sourceTree</key>
			<string>&lt;group&gt;</string>
		</dict>
		<key>E43DA9CC18A4BB25005F6F52</key>
		<dict>
			<key>fileRef</key>
			<string>E43DA9CB18A4BB25005F6F52</string>
			<key>isa</key>
			<string>PBXBuildFile</string>
		</dict>
		<key>E43DA9CF18A4BD5B005F6F52</key>
		<dict>
			<key>fileEncoding</key>
			<string>4</string>
			<key>isa</key>
			<string>PBXFileReference</string>
			<key>lastKnownFileType</key>
			<string>text.plist.xml</string>
			<key>path</key>
			<string>PDActivityTypeList.plist</string>
			<key>sourceTree</key>
			<string>&lt;group&gt;</string>
		</dict>
		<key>E43DA9D018A4BD5B005F6F52</key>
		<dict>
			<key>fileRef</key>
			<string>E43DA9CF18A4BD5B005F6F52</string>
			<key>isa</key>
			<string>PBXBuildFile</string>
		</dict>
		<key>E43DA9D118A4BD83005F6F52</key>
		<dict>
			<key>fileEncoding</key>
			<string>4</string>
			<key>isa</key>
			<string>PBXFileReference</string>
			<key>lastKnownFileType</key>
			<string>text.plist.xml</string>
			<key>path</key>
			<string>PDMoodTypeList.plist</string>
			<key>sourceTree</key>
			<string>&lt;group&gt;</string>
		</dict>
		<key>E43DA9D218A4BD83005F6F52</key>
		<dict>
			<key>fileRef</key>
			<string>E43DA9D118A4BD83005F6F52</string>
			<key>isa</key>
			<string>PBXBuildFile</string>
		</dict>
		<key>E43DA9D318A4BD8E005F6F52</key>
		<dict>
			<key>fileEncoding</key>
			<string>4</string>
			<key>isa</key>
			<string>PBXFileReference</string>
			<key>lastKnownFileType</key>
			<string>text.plist.xml</string>
			<key>path</key>
			<string>PDFoodTypeList.plist</string>
			<key>sourceTree</key>
			<string>&lt;group&gt;</string>
		</dict>
		<key>E43DA9D418A4BD8E005F6F52</key>
		<dict>
			<key>fileRef</key>
			<string>E43DA9D318A4BD8E005F6F52</string>
			<key>isa</key>
			<string>PBXBuildFile</string>
		</dict>
		<key>E43DA9D518A4C1DB005F6F52</key>
		<dict>
			<key>fileEncoding</key>
			<string>4</string>
			<key>isa</key>
			<string>PBXFileReference</string>
			<key>lastKnownFileType</key>
			<string>sourcecode.c.h</string>
			<key>path</key>
			<string>PDPropertyListController.h</string>
			<key>sourceTree</key>
			<string>&lt;group&gt;</string>
		</dict>
		<key>E43DA9D618A4C1DB005F6F52</key>
		<dict>
			<key>fileEncoding</key>
			<string>4</string>
			<key>isa</key>
			<string>PBXFileReference</string>
			<key>lastKnownFileType</key>
			<string>sourcecode.c.objc</string>
			<key>path</key>
			<string>PDPropertyListController.m</string>
			<key>sourceTree</key>
			<string>&lt;group&gt;</string>
		</dict>
		<key>E43DA9D718A4C1DB005F6F52</key>
		<dict>
			<key>fileRef</key>
			<string>E43DA9D618A4C1DB005F6F52</string>
			<key>isa</key>
			<string>PBXBuildFile</string>
		</dict>
		<key>E43DA9D818A4D3AD005F6F52</key>
		<dict>
			<key>fileEncoding</key>
			<string>4</string>
			<key>isa</key>
			<string>PBXFileReference</string>
			<key>lastKnownFileType</key>
			<string>sourcecode.c.h</string>
			<key>path</key>
			<string>PDSaveLogViewController.h</string>
			<key>sourceTree</key>
			<string>&lt;group&gt;</string>
		</dict>
		<key>E43DA9D918A4D3AD005F6F52</key>
		<dict>
			<key>fileEncoding</key>
			<string>4</string>
			<key>isa</key>
			<string>PBXFileReference</string>
			<key>lastKnownFileType</key>
			<string>sourcecode.c.objc</string>
			<key>path</key>
			<string>PDSaveLogViewController.m</string>
			<key>sourceTree</key>
			<string>&lt;group&gt;</string>
		</dict>
		<key>E43DA9DA18A4D3AD005F6F52</key>
		<dict>
			<key>fileRef</key>
			<string>E43DA9D918A4D3AD005F6F52</string>
			<key>isa</key>
			<string>PBXBuildFile</string>
		</dict>
		<key>E43DA9DB18A4D3D8005F6F52</key>
		<dict>
			<key>fileEncoding</key>
			<string>4</string>
			<key>isa</key>
			<string>PBXFileReference</string>
			<key>lastKnownFileType</key>
			<string>sourcecode.c.h</string>
			<key>path</key>
			<string>PDMoreItemsViewController.h</string>
			<key>sourceTree</key>
			<string>&lt;group&gt;</string>
		</dict>
		<key>E43DA9DC18A4D3D8005F6F52</key>
		<dict>
			<key>fileEncoding</key>
			<string>4</string>
			<key>isa</key>
			<string>PBXFileReference</string>
			<key>lastKnownFileType</key>
			<string>sourcecode.c.objc</string>
			<key>path</key>
			<string>PDMoreItemsViewController.m</string>
			<key>sourceTree</key>
			<string>&lt;group&gt;</string>
		</dict>
		<key>E43DA9DD18A4D3D8005F6F52</key>
		<dict>
			<key>fileRef</key>
			<string>E43DA9DC18A4D3D8005F6F52</string>
			<key>isa</key>
			<string>PBXBuildFile</string>
		</dict>
		<key>E43DA9E318A508FE005F6F52</key>
		<dict>
			<key>fileEncoding</key>
			<string>4</string>
			<key>isa</key>
			<string>PBXFileReference</string>
			<key>lastKnownFileType</key>
			<string>sourcecode.c.h</string>
			<key>path</key>
			<string>PDSaveProductivityLogViewController.h</string>
			<key>sourceTree</key>
			<string>&lt;group&gt;</string>
		</dict>
		<key>E43DA9E418A508FE005F6F52</key>
		<dict>
			<key>fileEncoding</key>
			<string>4</string>
			<key>isa</key>
			<string>PBXFileReference</string>
			<key>lastKnownFileType</key>
			<string>sourcecode.c.objc</string>
			<key>path</key>
			<string>PDSaveProductivityLogViewController.m</string>
			<key>sourceTree</key>
			<string>&lt;group&gt;</string>
		</dict>
		<key>E43DA9E518A508FE005F6F52</key>
		<dict>
			<key>fileRef</key>
			<string>E43DA9E418A508FE005F6F52</string>
			<key>isa</key>
			<string>PBXBuildFile</string>
		</dict>
		<key>E43DA9E618A50DAC005F6F52</key>
		<dict>
			<key>fileEncoding</key>
			<string>4</string>
			<key>isa</key>
			<string>PBXFileReference</string>
			<key>lastKnownFileType</key>
			<string>sourcecode.c.h</string>
			<key>path</key>
			<string>PDLoginViewController.h</string>
			<key>sourceTree</key>
			<string>&lt;group&gt;</string>
		</dict>
		<key>E43DA9E718A50DAC005F6F52</key>
		<dict>
			<key>fileEncoding</key>
			<string>4</string>
			<key>isa</key>
			<string>PBXFileReference</string>
			<key>lastKnownFileType</key>
			<string>sourcecode.c.objc</string>
			<key>path</key>
			<string>PDLoginViewController.m</string>
			<key>sourceTree</key>
			<string>&lt;group&gt;</string>
		</dict>
		<key>E43DA9E818A50DAC005F6F52</key>
		<dict>
			<key>fileRef</key>
			<string>E43DA9E718A50DAC005F6F52</string>
			<key>isa</key>
			<string>PBXBuildFile</string>
		</dict>
		<key>E43DA9E918A50DB6005F6F52</key>
		<dict>
			<key>fileEncoding</key>
			<string>4</string>
			<key>isa</key>
			<string>PBXFileReference</string>
			<key>lastKnownFileType</key>
			<string>sourcecode.c.h</string>
			<key>path</key>
			<string>PDSignupViewController.h</string>
			<key>sourceTree</key>
			<string>&lt;group&gt;</string>
		</dict>
		<key>E43DA9EA18A50DB6005F6F52</key>
		<dict>
			<key>fileEncoding</key>
			<string>4</string>
			<key>isa</key>
			<string>PBXFileReference</string>
			<key>lastKnownFileType</key>
			<string>sourcecode.c.objc</string>
			<key>path</key>
			<string>PDSignupViewController.m</string>
			<key>sourceTree</key>
			<string>&lt;group&gt;</string>
		</dict>
		<key>E43DA9EB18A50DB6005F6F52</key>
		<dict>
			<key>fileRef</key>
			<string>E43DA9EA18A50DB6005F6F52</string>
			<key>isa</key>
			<string>PBXBuildFile</string>
		</dict>
		<key>E43DA9EC18A512C1005F6F52</key>
		<dict>
			<key>fileEncoding</key>
			<string>4</string>
			<key>isa</key>
			<string>PBXFileReference</string>
			<key>lastKnownFileType</key>
			<string>sourcecode.c.h</string>
			<key>path</key>
			<string>PDSplashViewController.h</string>
			<key>sourceTree</key>
			<string>&lt;group&gt;</string>
		</dict>
		<key>E43DA9ED18A512C1005F6F52</key>
		<dict>
			<key>fileEncoding</key>
			<string>4</string>
			<key>isa</key>
			<string>PBXFileReference</string>
			<key>lastKnownFileType</key>
			<string>sourcecode.c.objc</string>
			<key>path</key>
			<string>PDSplashViewController.m</string>
			<key>sourceTree</key>
			<string>&lt;group&gt;</string>
		</dict>
		<key>E43DA9EE18A512C1005F6F52</key>
		<dict>
			<key>fileRef</key>
			<string>E43DA9ED18A512C1005F6F52</string>
			<key>isa</key>
			<string>PBXBuildFile</string>
		</dict>
		<key>E43DA9F118A5186D005F6F52</key>
		<dict>
			<key>fileEncoding</key>
			<string>4</string>
			<key>isa</key>
			<string>PBXFileReference</string>
			<key>lastKnownFileType</key>
			<string>file.xib</string>
			<key>path</key>
			<string>LogMoodWheelView.xib</string>
			<key>sourceTree</key>
			<string>&lt;group&gt;</string>
		</dict>
		<key>E43DA9F218A5186D005F6F52</key>
		<dict>
			<key>fileRef</key>
			<string>E43DA9F118A5186D005F6F52</string>
			<key>isa</key>
			<string>PBXBuildFile</string>
		</dict>
		<key>E43DA9F318A51931005F6F52</key>
		<dict>
			<key>fileEncoding</key>
			<string>4</string>
			<key>isa</key>
			<string>PBXFileReference</string>
			<key>lastKnownFileType</key>
			<string>file.xib</string>
			<key>path</key>
			<string>LogCollectionViewCell.xib</string>
			<key>sourceTree</key>
			<string>&lt;group&gt;</string>
		</dict>
		<key>E43DA9F418A51931005F6F52</key>
		<dict>
			<key>fileRef</key>
			<string>E43DA9F318A51931005F6F52</string>
			<key>isa</key>
			<string>PBXBuildFile</string>
		</dict>
		<key>E43DA9F518A51936005F6F52</key>
		<dict>
			<key>children</key>
			<array>
				<string>E46A0DC718A546F30093CF05</string>
				<string>E43DA9F118A5186D005F6F52</string>
				<string>E43DA9F318A51931005F6F52</string>
			</array>
			<key>isa</key>
			<string>PBXGroup</string>
			<key>name</key>
			<string>Nibs</string>
			<key>sourceTree</key>
			<string>&lt;group&gt;</string>
		</dict>
		<key>E46A0DC118A53CD60093CF05</key>
		<dict>
			<key>fileEncoding</key>
			<string>4</string>
			<key>isa</key>
			<string>PBXFileReference</string>
			<key>lastKnownFileType</key>
			<string>sourcecode.c.h</string>
			<key>path</key>
			<string>PDSettingsViewController.h</string>
			<key>sourceTree</key>
			<string>&lt;group&gt;</string>
		</dict>
		<key>E46A0DC218A53CD60093CF05</key>
		<dict>
			<key>fileEncoding</key>
			<string>4</string>
			<key>isa</key>
			<string>PBXFileReference</string>
			<key>lastKnownFileType</key>
			<string>sourcecode.c.objc</string>
			<key>path</key>
			<string>PDSettingsViewController.m</string>
			<key>sourceTree</key>
			<string>&lt;group&gt;</string>
		</dict>
		<key>E46A0DC318A53CD60093CF05</key>
		<dict>
			<key>fileRef</key>
			<string>E46A0DC218A53CD60093CF05</string>
			<key>isa</key>
			<string>PBXBuildFile</string>
		</dict>
		<key>E46A0DC418A53E570093CF05</key>
		<dict>
			<key>fileEncoding</key>
			<string>4</string>
			<key>isa</key>
			<string>PBXFileReference</string>
			<key>lastKnownFileType</key>
			<string>sourcecode.c.h</string>
			<key>path</key>
			<string>PDAddFriendsViewController.h</string>
			<key>sourceTree</key>
			<string>&lt;group&gt;</string>
		</dict>
		<key>E46A0DC518A53E570093CF05</key>
		<dict>
			<key>fileEncoding</key>
			<string>4</string>
			<key>isa</key>
			<string>PBXFileReference</string>
			<key>lastKnownFileType</key>
			<string>sourcecode.c.objc</string>
			<key>path</key>
			<string>PDAddFriendsViewController.m</string>
			<key>sourceTree</key>
			<string>&lt;group&gt;</string>
		</dict>
		<key>E46A0DC618A53E570093CF05</key>
		<dict>
			<key>fileRef</key>
			<string>E46A0DC518A53E570093CF05</string>
			<key>isa</key>
			<string>PBXBuildFile</string>
		</dict>
		<key>E46A0DC718A546F30093CF05</key>
		<dict>
			<key>fileEncoding</key>
			<string>4</string>
			<key>isa</key>
			<string>PBXFileReference</string>
			<key>lastKnownFileType</key>
			<string>file.xib</string>
			<key>path</key>
			<string>LogCollectionView.xib</string>
			<key>sourceTree</key>
			<string>&lt;group&gt;</string>
		</dict>
		<key>E46A0DC818A546F30093CF05</key>
		<dict>
			<key>fileRef</key>
			<string>E46A0DC718A546F30093CF05</string>
			<key>isa</key>
			<string>PBXBuildFile</string>
		</dict>
		<key>E46A0DC918A54C210093CF05</key>
		<dict>
			<key>fileEncoding</key>
			<string>4</string>
			<key>isa</key>
			<string>PBXFileReference</string>
			<key>lastKnownFileType</key>
			<string>sourcecode.c.h</string>
			<key>path</key>
			<string>PDMoodWheelView.h</string>
			<key>sourceTree</key>
			<string>&lt;group&gt;</string>
		</dict>
		<key>E46A0DCA18A54C210093CF05</key>
		<dict>
			<key>fileEncoding</key>
			<string>4</string>
			<key>isa</key>
			<string>PBXFileReference</string>
			<key>lastKnownFileType</key>
			<string>sourcecode.c.objc</string>
			<key>path</key>
			<string>PDMoodWheelView.m</string>
			<key>sourceTree</key>
			<string>&lt;group&gt;</string>
		</dict>
		<key>E46A0DCB18A54C210093CF05</key>
		<dict>
			<key>fileRef</key>
			<string>E46A0DCA18A54C210093CF05</string>
			<key>isa</key>
			<string>PBXBuildFile</string>
		</dict>
		<key>E46A0DCC18A564F90093CF05</key>
		<dict>
			<key>children</key>
			<array>
				<string>E43DA9D518A4C1DB005F6F52</string>
				<string>E43DA9D618A4C1DB005F6F52</string>
				<string>E4B58A9518A7965C00DA3372</string>
				<string>E4B58A9618A7965C00DA3372</string>
			</array>
			<key>isa</key>
			<string>PBXGroup</string>
			<key>name</key>
			<string>DataControllers</string>
			<key>sourceTree</key>
			<string>&lt;group&gt;</string>
		</dict>
		<key>E476704B180CE020002E261A</key>
		<dict>
			<key>children</key>
			<array>
				<string>E476705D180CE020002E261A</string>
				<string>E476707F180CE021002E261A</string>
				<string>E4767056180CE020002E261A</string>
				<string>E4767055180CE020002E261A</string>
				<string>57209292D5634C34B6FAEDAD</string>
			</array>
			<key>isa</key>
			<string>PBXGroup</string>
			<key>sourceTree</key>
			<string>&lt;group&gt;</string>
		</dict>
		<key>E476704C180CE020002E261A</key>
		<dict>
			<key>attributes</key>
			<dict>
				<key>CLASSPREFIX</key>
				<string>PD</string>
				<key>LastUpgradeCheck</key>
				<string>0510</string>
				<key>ORGANIZATIONNAME</key>
				<string>NUS</string>
				<key>TargetAttributes</key>
				<dict>
					<key>E4767077180CE021002E261A</key>
					<dict>
						<key>TestTargetID</key>
						<string>E4767053180CE020002E261A</string>
					</dict>
				</dict>
			</dict>
			<key>buildConfigurationList</key>
			<string>E476704F180CE020002E261A</string>
			<key>compatibilityVersion</key>
			<string>Xcode 3.2</string>
			<key>developmentRegion</key>
			<string>English</string>
			<key>hasScannedForEncodings</key>
			<string>0</string>
			<key>isa</key>
			<string>PBXProject</string>
			<key>knownRegions</key>
			<array>
				<string>en</string>
				<string>Base</string>
			</array>
			<key>mainGroup</key>
			<string>E476704B180CE020002E261A</string>
			<key>productRefGroup</key>
			<string>E4767055180CE020002E261A</string>
			<key>projectDirPath</key>
			<string></string>
			<key>projectReferences</key>
			<array/>
			<key>projectRoot</key>
			<string></string>
			<key>targets</key>
			<array>
				<string>E4767053180CE020002E261A</string>
				<string>E4767077180CE021002E261A</string>
			</array>
		</dict>
		<key>E476704F180CE020002E261A</key>
		<dict>
			<key>buildConfigurations</key>
			<array>
				<string>E4767087180CE021002E261A</string>
				<string>E4767088180CE021002E261A</string>
			</array>
			<key>defaultConfigurationIsVisible</key>
			<string>0</string>
			<key>defaultConfigurationName</key>
			<string>Release</string>
			<key>isa</key>
			<string>XCConfigurationList</string>
		</dict>
		<key>E4767050180CE020002E261A</key>
		<dict>
			<key>buildActionMask</key>
			<string>2147483647</string>
			<key>files</key>
			<array>
				<string>E4767068180CE021002E261A</string>
				<string>E43DA9C118A43489005F6F52</string>
				<string>E43DA9A718A42865005F6F52</string>
				<string>E46A0DCB18A54C210093CF05</string>
				<string>E43DA9B318A42C2A005F6F52</string>
				<string>E4B58A9118A77D0C00DA3372</string>
				<string>E43DA9BE18A432A7005F6F52</string>
				<string>E43DA9C418A4B4AC005F6F52</string>
				<string>E43DA9DD18A4D3D8005F6F52</string>
				<string>E43DA9E518A508FE005F6F52</string>
				<string>E43DA9AA18A4286D005F6F52</string>
				<string>E43DA9A418A42854005F6F52</string>
				<string>E43DA9BA18A42E4F005F6F52</string>
				<string>E43DA9A118A42843005F6F52</string>
				<string>E4B58A9418A77DC700DA3372</string>
				<string>E4B58A9718A7965C00DA3372</string>
				<string>E43DA9AD18A42879005F6F52</string>
				<string>E4767071180CE021002E261A</string>
				<string>E46A0DC618A53E570093CF05</string>
				<string>E43DA9E818A50DAC005F6F52</string>
				<string>E43DA9EE18A512C1005F6F52</string>
				<string>E4767064180CE021002E261A</string>
				<string>E43DA9EB18A50DB6005F6F52</string>
				<string>E43DA9B018A42C1B005F6F52</string>
				<string>E43DA9D718A4C1DB005F6F52</string>
				<string>E43DA9DA18A4D3AD005F6F52</string>
				<string>E46A0DC318A53CD60093CF05</string>
				<string>E43DA9B618A42C3F005F6F52</string>
			</array>
			<key>isa</key>
			<string>PBXSourcesBuildPhase</string>
			<key>runOnlyForDeploymentPostprocessing</key>
			<string>0</string>
		</dict>
		<key>E4767051180CE020002E261A</key>
		<dict>
			<key>buildActionMask</key>
			<string>2147483647</string>
			<key>files</key>
			<array>
				<string>E43DA9C618A4B4E7005F6F52</string>
				<string>E476705A180CE020002E261A</string>
				<string>E476705C180CE020002E261A</string>
				<string>E4767058180CE020002E261A</string>
				<string>18EBCB3DB35A4CE08D427CCF</string>
			</array>
			<key>isa</key>
			<string>PBXFrameworksBuildPhase</string>
			<key>runOnlyForDeploymentPostprocessing</key>
			<string>0</string>
		</dict>
		<key>E4767052180CE020002E261A</key>
		<dict>
			<key>buildActionMask</key>
			<string>2147483647</string>
			<key>files</key>
			<array>
				<string>E4B58A8C18A7681100DA3372</string>
				<string>E43DA9D218A4BD83005F6F52</string>
				<string>E43DA9D418A4BD8E005F6F52</string>
				<string>E43DA99918A4180D005F6F52</string>
				<string>E4B58A8E18A7720900DA3372</string>
				<string>E43DA9CC18A4BB25005F6F52</string>
				<string>E43DA9D018A4BD5B005F6F52</string>
				<string>E43DA9F218A5186D005F6F52</string>
				<string>E476706E180CE021002E261A</string>
				<string>E4767073180CE021002E261A</string>
				<string>E476706B180CE021002E261A</string>
				<string>E46A0DC818A546F30093CF05</string>
				<string>E4767062180CE020002E261A</string>
				<string>E43DA9CA18A4BB1A005F6F52</string>
				<string>E43DA9C818A4BB0B005F6F52</string>
				<string>E43DA9F418A51931005F6F52</string>
			</array>
			<key>isa</key>
			<string>PBXResourcesBuildPhase</string>
			<key>runOnlyForDeploymentPostprocessing</key>
			<string>0</string>
		</dict>
		<key>E4767053180CE020002E261A</key>
		<dict>
			<key>buildConfigurationList</key>
			<string>E4767089180CE021002E261A</string>
			<key>buildPhases</key>
			<array>
				<string>09AB7E1C4B3E4935B8DEB969</string>
				<string>E4767050180CE020002E261A</string>
				<string>E4767051180CE020002E261A</string>
				<string>E4767052180CE020002E261A</string>
				<string>CFE80256C9254B6B9D1ADACF</string>
			</array>
			<key>buildRules</key>
			<array/>
			<key>dependencies</key>
			<array/>
			<key>isa</key>
			<string>PBXNativeTarget</string>
			<key>name</key>
			<string>PerfectDiet</string>
			<key>productName</key>
			<string>PerfectDiet</string>
			<key>productReference</key>
			<string>E4767054180CE020002E261A</string>
			<key>productType</key>
			<string>com.apple.product-type.application</string>
		</dict>
		<key>E4767054180CE020002E261A</key>
		<dict>
			<key>explicitFileType</key>
			<string>wrapper.application</string>
			<key>includeInIndex</key>
			<string>0</string>
			<key>isa</key>
			<string>PBXFileReference</string>
			<key>path</key>
			<string>PerfectDiet.app</string>
			<key>sourceTree</key>
			<string>BUILT_PRODUCTS_DIR</string>
		</dict>
		<key>E4767055180CE020002E261A</key>
		<dict>
			<key>children</key>
			<array>
				<string>E4767054180CE020002E261A</string>
				<string>E4767078180CE021002E261A</string>
			</array>
			<key>isa</key>
			<string>PBXGroup</string>
			<key>name</key>
			<string>Products</string>
			<key>sourceTree</key>
			<string>&lt;group&gt;</string>
		</dict>
		<key>E4767056180CE020002E261A</key>
		<dict>
			<key>children</key>
			<array>
				<string>E43DA9C518A4B4E7005F6F52</string>
				<string>E4767057180CE020002E261A</string>
				<string>E4767059180CE020002E261A</string>
				<string>E476705B180CE020002E261A</string>
				<string>E4767079180CE021002E261A</string>
				<string>2BB99C58B13A49499E38C81D</string>
			</array>
			<key>isa</key>
			<string>PBXGroup</string>
			<key>name</key>
			<string>Frameworks</string>
			<key>sourceTree</key>
			<string>&lt;group&gt;</string>
		</dict>
		<key>E4767057180CE020002E261A</key>
		<dict>
			<key>isa</key>
			<string>PBXFileReference</string>
			<key>lastKnownFileType</key>
			<string>wrapper.framework</string>
			<key>name</key>
			<string>Foundation.framework</string>
			<key>path</key>
			<string>System/Library/Frameworks/Foundation.framework</string>
			<key>sourceTree</key>
			<string>SDKROOT</string>
		</dict>
		<key>E4767058180CE020002E261A</key>
		<dict>
			<key>fileRef</key>
			<string>E4767057180CE020002E261A</string>
			<key>isa</key>
			<string>PBXBuildFile</string>
		</dict>
		<key>E4767059180CE020002E261A</key>
		<dict>
			<key>isa</key>
			<string>PBXFileReference</string>
			<key>lastKnownFileType</key>
			<string>wrapper.framework</string>
			<key>name</key>
			<string>CoreGraphics.framework</string>
			<key>path</key>
			<string>System/Library/Frameworks/CoreGraphics.framework</string>
			<key>sourceTree</key>
			<string>SDKROOT</string>
		</dict>
		<key>E476705A180CE020002E261A</key>
		<dict>
			<key>fileRef</key>
			<string>E4767059180CE020002E261A</string>
			<key>isa</key>
			<string>PBXBuildFile</string>
		</dict>
		<key>E476705B180CE020002E261A</key>
		<dict>
			<key>isa</key>
			<string>PBXFileReference</string>
			<key>lastKnownFileType</key>
			<string>wrapper.framework</string>
			<key>name</key>
			<string>UIKit.framework</string>
			<key>path</key>
			<string>System/Library/Frameworks/UIKit.framework</string>
			<key>sourceTree</key>
			<string>SDKROOT</string>
		</dict>
		<key>E476705C180CE020002E261A</key>
		<dict>
			<key>fileRef</key>
			<string>E476705B180CE020002E261A</string>
			<key>isa</key>
			<string>PBXBuildFile</string>
		</dict>
		<key>E476705D180CE020002E261A</key>
		<dict>
			<key>children</key>
			<array>
				<string>E43DA9BF18A43489005F6F52</string>
				<string>E43DA9C018A43489005F6F52</string>
				<string>E46A0DCC18A564F90093CF05</string>
				<string>E43DA9B718A42DF2005F6F52</string>
				<string>E43DA99B18A42728005F6F52</string>
				<string>E43DA99A18A4270A005F6F52</string>
				<string>E4767066180CE021002E261A</string>
				<string>E4767067180CE021002E261A</string>
				<string>E4767069180CE021002E261A</string>
				<string>E43DA99818A4180D005F6F52</string>
				<string>E476706C180CE021002E261A</string>
				<string>E476706F180CE021002E261A</string>
				<string>E4767070180CE021002E261A</string>
				<string>E4767072180CE021002E261A</string>
				<string>E476705E180CE020002E261A</string>
				<string>E43DA9C218A4B4AC005F6F52</string>
			</array>
			<key>isa</key>
			<string>PBXGroup</string>
			<key>path</key>
			<string>PerfectDiet</string>
			<key>sourceTree</key>
			<string>&lt;group&gt;</string>
		</dict>
		<key>E476705E180CE020002E261A</key>
		<dict>
			<key>children</key>
			<array>
				<string>E476705F180CE020002E261A</string>
				<string>E4767060180CE020002E261A</string>
				<string>E4767063180CE020002E261A</string>
				<string>E4767065180CE021002E261A</string>
				<string>E43DA9C718A4BB0B005F6F52</string>
				<string>E43DA9C918A4BB1A005F6F52</string>
				<string>E43DA9CB18A4BB25005F6F52</string>
				<string>E43DA9CF18A4BD5B005F6F52</string>
				<string>E43DA9D118A4BD83005F6F52</string>
				<string>E43DA9D318A4BD8E005F6F52</string>
				<string>E4B58A8B18A7681100DA3372</string>
				<string>E4B58A8D18A7720900DA3372</string>
			</array>
			<key>isa</key>
			<string>PBXGroup</string>
			<key>name</key>
			<string>Supporting Files</string>
			<key>sourceTree</key>
			<string>&lt;group&gt;</string>
		</dict>
		<key>E476705F180CE020002E261A</key>
		<dict>
			<key>isa</key>
			<string>PBXFileReference</string>
			<key>lastKnownFileType</key>
			<string>text.plist.xml</string>
			<key>path</key>
			<string>PerfectDiet-Info.plist</string>
			<key>sourceTree</key>
			<string>&lt;group&gt;</string>
		</dict>
		<key>E4767060180CE020002E261A</key>
		<dict>
			<key>children</key>
			<array>
				<string>E4767061180CE020002E261A</string>
			</array>
			<key>isa</key>
			<string>PBXVariantGroup</string>
			<key>name</key>
			<string>InfoPlist.strings</string>
			<key>sourceTree</key>
			<string>&lt;group&gt;</string>
		</dict>
		<key>E4767061180CE020002E261A</key>
		<dict>
			<key>isa</key>
			<string>PBXFileReference</string>
			<key>lastKnownFileType</key>
			<string>text.plist.strings</string>
			<key>name</key>
			<string>en</string>
			<key>path</key>
			<string>en.lproj/InfoPlist.strings</string>
			<key>sourceTree</key>
			<string>&lt;group&gt;</string>
		</dict>
		<key>E4767062180CE020002E261A</key>
		<dict>
			<key>fileRef</key>
			<string>E4767060180CE020002E261A</string>
			<key>isa</key>
			<string>PBXBuildFile</string>
		</dict>
		<key>E4767063180CE020002E261A</key>
		<dict>
			<key>isa</key>
			<string>PBXFileReference</string>
			<key>lastKnownFileType</key>
			<string>sourcecode.c.objc</string>
			<key>path</key>
			<string>main.m</string>
			<key>sourceTree</key>
			<string>&lt;group&gt;</string>
		</dict>
		<key>E4767064180CE021002E261A</key>
		<dict>
			<key>fileRef</key>
			<string>E4767063180CE020002E261A</string>
			<key>isa</key>
			<string>PBXBuildFile</string>
		</dict>
		<key>E4767065180CE021002E261A</key>
		<dict>
			<key>isa</key>
			<string>PBXFileReference</string>
			<key>lastKnownFileType</key>
			<string>sourcecode.c.h</string>
			<key>path</key>
			<string>PerfectDiet-Prefix.pch</string>
			<key>sourceTree</key>
			<string>&lt;group&gt;</string>
		</dict>
		<key>E4767066180CE021002E261A</key>
		<dict>
			<key>isa</key>
			<string>PBXFileReference</string>
			<key>lastKnownFileType</key>
			<string>sourcecode.c.h</string>
			<key>path</key>
			<string>PDAppDelegate.h</string>
			<key>sourceTree</key>
			<string>&lt;group&gt;</string>
		</dict>
		<key>E4767067180CE021002E261A</key>
		<dict>
			<key>isa</key>
			<string>PBXFileReference</string>
			<key>lastKnownFileType</key>
			<string>sourcecode.c.objc</string>
			<key>path</key>
			<string>PDAppDelegate.m</string>
			<key>sourceTree</key>
			<string>&lt;group&gt;</string>
		</dict>
		<key>E4767068180CE021002E261A</key>
		<dict>
			<key>fileRef</key>
			<string>E4767067180CE021002E261A</string>
			<key>isa</key>
			<string>PBXBuildFile</string>
		</dict>
		<key>E4767069180CE021002E261A</key>
		<dict>
			<key>children</key>
			<array>
				<string>E476706A180CE021002E261A</string>
			</array>
			<key>isa</key>
			<string>PBXVariantGroup</string>
			<key>name</key>
			<string>Main_iPhone.storyboard</string>
			<key>sourceTree</key>
			<string>&lt;group&gt;</string>
		</dict>
		<key>E476706A180CE021002E261A</key>
		<dict>
			<key>isa</key>
			<string>PBXFileReference</string>
			<key>lastKnownFileType</key>
			<string>file.storyboard</string>
			<key>name</key>
			<string>Base</string>
			<key>path</key>
			<string>Base.lproj/Main_iPhone.storyboard</string>
			<key>sourceTree</key>
			<string>&lt;group&gt;</string>
		</dict>
		<key>E476706B180CE021002E261A</key>
		<dict>
			<key>fileRef</key>
			<string>E4767069180CE021002E261A</string>
			<key>isa</key>
			<string>PBXBuildFile</string>
		</dict>
		<key>E476706C180CE021002E261A</key>
		<dict>
			<key>children</key>
			<array>
				<string>E476706D180CE021002E261A</string>
			</array>
			<key>isa</key>
			<string>PBXVariantGroup</string>
			<key>name</key>
			<string>Main_iPad.storyboard</string>
			<key>sourceTree</key>
			<string>&lt;group&gt;</string>
		</dict>
		<key>E476706D180CE021002E261A</key>
		<dict>
			<key>isa</key>
			<string>PBXFileReference</string>
			<key>lastKnownFileType</key>
			<string>file.storyboard</string>
			<key>name</key>
			<string>Base</string>
			<key>path</key>
			<string>Base.lproj/Main_iPad.storyboard</string>
			<key>sourceTree</key>
			<string>&lt;group&gt;</string>
		</dict>
		<key>E476706E180CE021002E261A</key>
		<dict>
			<key>fileRef</key>
			<string>E476706C180CE021002E261A</string>
			<key>isa</key>
			<string>PBXBuildFile</string>
		</dict>
		<key>E476706F180CE021002E261A</key>
		<dict>
			<key>isa</key>
			<string>PBXFileReference</string>
			<key>lastKnownFileType</key>
			<string>sourcecode.c.h</string>
			<key>path</key>
			<string>PDViewController.h</string>
			<key>sourceTree</key>
			<string>&lt;group&gt;</string>
		</dict>
		<key>E4767070180CE021002E261A</key>
		<dict>
			<key>isa</key>
			<string>PBXFileReference</string>
			<key>lastKnownFileType</key>
			<string>sourcecode.c.objc</string>
			<key>path</key>
			<string>PDViewController.m</string>
			<key>sourceTree</key>
			<string>&lt;group&gt;</string>
		</dict>
		<key>E4767071180CE021002E261A</key>
		<dict>
			<key>fileRef</key>
			<string>E4767070180CE021002E261A</string>
			<key>isa</key>
			<string>PBXBuildFile</string>
		</dict>
		<key>E4767072180CE021002E261A</key>
		<dict>
			<key>isa</key>
			<string>PBXFileReference</string>
			<key>lastKnownFileType</key>
			<string>folder.assetcatalog</string>
			<key>path</key>
			<string>Images.xcassets</string>
			<key>sourceTree</key>
			<string>&lt;group&gt;</string>
		</dict>
		<key>E4767073180CE021002E261A</key>
		<dict>
			<key>fileRef</key>
			<string>E4767072180CE021002E261A</string>
			<key>isa</key>
			<string>PBXBuildFile</string>
		</dict>
		<key>E4767074180CE021002E261A</key>
		<dict>
			<key>buildActionMask</key>
			<string>2147483647</string>
			<key>files</key>
			<array>
				<string>E4767086180CE021002E261A</string>
			</array>
			<key>isa</key>
			<string>PBXSourcesBuildPhase</string>
			<key>runOnlyForDeploymentPostprocessing</key>
			<string>0</string>
		</dict>
		<key>E4767075180CE021002E261A</key>
		<dict>
			<key>buildActionMask</key>
			<string>2147483647</string>
			<key>files</key>
			<array>
				<string>E476707A180CE021002E261A</string>
				<string>E476707C180CE021002E261A</string>
				<string>E476707B180CE021002E261A</string>
			</array>
			<key>isa</key>
			<string>PBXFrameworksBuildPhase</string>
			<key>runOnlyForDeploymentPostprocessing</key>
			<string>0</string>
		</dict>
		<key>E4767076180CE021002E261A</key>
		<dict>
			<key>buildActionMask</key>
			<string>2147483647</string>
			<key>files</key>
			<array>
				<string>E4767084180CE021002E261A</string>
			</array>
			<key>isa</key>
			<string>PBXResourcesBuildPhase</string>
			<key>runOnlyForDeploymentPostprocessing</key>
			<string>0</string>
		</dict>
		<key>E4767077180CE021002E261A</key>
		<dict>
			<key>buildConfigurationList</key>
			<string>E476708C180CE021002E261A</string>
			<key>buildPhases</key>
			<array>
				<string>E4767074180CE021002E261A</string>
				<string>E4767075180CE021002E261A</string>
				<string>E4767076180CE021002E261A</string>
			</array>
			<key>buildRules</key>
			<array/>
			<key>dependencies</key>
			<array>
				<string>E476707E180CE021002E261A</string>
			</array>
			<key>isa</key>
			<string>PBXNativeTarget</string>
			<key>name</key>
			<string>PerfectDietTests</string>
			<key>productName</key>
			<string>PerfectDietTests</string>
			<key>productReference</key>
			<string>E4767078180CE021002E261A</string>
			<key>productType</key>
			<string>com.apple.product-type.bundle.unit-test</string>
		</dict>
		<key>E4767078180CE021002E261A</key>
		<dict>
			<key>explicitFileType</key>
			<string>wrapper.cfbundle</string>
			<key>includeInIndex</key>
			<string>0</string>
			<key>isa</key>
			<string>PBXFileReference</string>
			<key>path</key>
			<string>PerfectDietTests.xctest</string>
			<key>sourceTree</key>
			<string>BUILT_PRODUCTS_DIR</string>
		</dict>
		<key>E4767079180CE021002E261A</key>
		<dict>
			<key>isa</key>
			<string>PBXFileReference</string>
			<key>lastKnownFileType</key>
			<string>wrapper.framework</string>
			<key>name</key>
			<string>XCTest.framework</string>
			<key>path</key>
			<string>Library/Frameworks/XCTest.framework</string>
			<key>sourceTree</key>
			<string>DEVELOPER_DIR</string>
		</dict>
		<key>E476707A180CE021002E261A</key>
		<dict>
			<key>fileRef</key>
			<string>E4767079180CE021002E261A</string>
			<key>isa</key>
			<string>PBXBuildFile</string>
		</dict>
		<key>E476707B180CE021002E261A</key>
		<dict>
			<key>fileRef</key>
			<string>E4767057180CE020002E261A</string>
			<key>isa</key>
			<string>PBXBuildFile</string>
		</dict>
		<key>E476707C180CE021002E261A</key>
		<dict>
			<key>fileRef</key>
			<string>E476705B180CE020002E261A</string>
			<key>isa</key>
			<string>PBXBuildFile</string>
		</dict>
		<key>E476707D180CE021002E261A</key>
		<dict>
			<key>containerPortal</key>
			<string>E476704C180CE020002E261A</string>
			<key>isa</key>
			<string>PBXContainerItemProxy</string>
			<key>proxyType</key>
			<string>1</string>
			<key>remoteGlobalIDString</key>
			<string>E4767053180CE020002E261A</string>
			<key>remoteInfo</key>
			<string>PerfectDiet</string>
		</dict>
		<key>E476707E180CE021002E261A</key>
		<dict>
			<key>isa</key>
			<string>PBXTargetDependency</string>
			<key>target</key>
			<string>E4767053180CE020002E261A</string>
			<key>targetProxy</key>
			<string>E476707D180CE021002E261A</string>
		</dict>
		<key>E476707F180CE021002E261A</key>
		<dict>
			<key>children</key>
			<array>
				<string>E4767085180CE021002E261A</string>
				<string>E4767080180CE021002E261A</string>
			</array>
			<key>isa</key>
			<string>PBXGroup</string>
			<key>path</key>
			<string>PerfectDietTests</string>
			<key>sourceTree</key>
			<string>&lt;group&gt;</string>
		</dict>
		<key>E4767080180CE021002E261A</key>
		<dict>
			<key>children</key>
			<array>
				<string>E4767081180CE021002E261A</string>
				<string>E4767082180CE021002E261A</string>
			</array>
			<key>isa</key>
			<string>PBXGroup</string>
			<key>name</key>
			<string>Supporting Files</string>
			<key>sourceTree</key>
			<string>&lt;group&gt;</string>
		</dict>
		<key>E4767081180CE021002E261A</key>
		<dict>
			<key>isa</key>
			<string>PBXFileReference</string>
			<key>lastKnownFileType</key>
			<string>text.plist.xml</string>
			<key>path</key>
			<string>PerfectDietTests-Info.plist</string>
			<key>sourceTree</key>
			<string>&lt;group&gt;</string>
		</dict>
		<key>E4767082180CE021002E261A</key>
		<dict>
			<key>children</key>
			<array>
				<string>E4767083180CE021002E261A</string>
			</array>
			<key>isa</key>
			<string>PBXVariantGroup</string>
			<key>name</key>
			<string>InfoPlist.strings</string>
			<key>sourceTree</key>
			<string>&lt;group&gt;</string>
		</dict>
		<key>E4767083180CE021002E261A</key>
		<dict>
			<key>isa</key>
			<string>PBXFileReference</string>
			<key>lastKnownFileType</key>
			<string>text.plist.strings</string>
			<key>name</key>
			<string>en</string>
			<key>path</key>
			<string>en.lproj/InfoPlist.strings</string>
			<key>sourceTree</key>
			<string>&lt;group&gt;</string>
		</dict>
		<key>E4767084180CE021002E261A</key>
		<dict>
			<key>fileRef</key>
			<string>E4767082180CE021002E261A</string>
			<key>isa</key>
			<string>PBXBuildFile</string>
		</dict>
		<key>E4767085180CE021002E261A</key>
		<dict>
			<key>isa</key>
			<string>PBXFileReference</string>
			<key>lastKnownFileType</key>
			<string>sourcecode.c.objc</string>
			<key>path</key>
			<string>PerfectDietTests.m</string>
			<key>sourceTree</key>
			<string>&lt;group&gt;</string>
		</dict>
		<key>E4767086180CE021002E261A</key>
		<dict>
			<key>fileRef</key>
			<string>E4767085180CE021002E261A</string>
			<key>isa</key>
			<string>PBXBuildFile</string>
		</dict>
		<key>E4767087180CE021002E261A</key>
		<dict>
			<key>buildSettings</key>
			<dict>
				<key>ALWAYS_SEARCH_USER_PATHS</key>
				<string>NO</string>
				<key>CLANG_CXX_LANGUAGE_STANDARD</key>
				<string>gnu++0x</string>
				<key>CLANG_CXX_LIBRARY</key>
				<string>libc++</string>
				<key>CLANG_ENABLE_MODULES</key>
				<string>YES</string>
				<key>CLANG_ENABLE_OBJC_ARC</key>
				<string>YES</string>
				<key>CLANG_WARN_BOOL_CONVERSION</key>
				<string>YES</string>
				<key>CLANG_WARN_CONSTANT_CONVERSION</key>
				<string>YES</string>
				<key>CLANG_WARN_DIRECT_OBJC_ISA_USAGE</key>
				<string>YES_ERROR</string>
				<key>CLANG_WARN_EMPTY_BODY</key>
				<string>YES</string>
				<key>CLANG_WARN_ENUM_CONVERSION</key>
				<string>YES</string>
				<key>CLANG_WARN_INT_CONVERSION</key>
				<string>YES</string>
				<key>CLANG_WARN_OBJC_ROOT_CLASS</key>
				<string>YES_ERROR</string>
				<key>CLANG_WARN__DUPLICATE_METHOD_MATCH</key>
				<string>YES</string>
				<key>CODE_SIGN_IDENTITY[sdk=iphoneos*]</key>
				<string>iPhone Developer</string>
				<key>COPY_PHASE_STRIP</key>
				<string>NO</string>
				<key>GCC_C_LANGUAGE_STANDARD</key>
				<string>gnu99</string>
				<key>GCC_DYNAMIC_NO_PIC</key>
				<string>NO</string>
				<key>GCC_OPTIMIZATION_LEVEL</key>
				<string>0</string>
				<key>GCC_PREPROCESSOR_DEFINITIONS</key>
				<array>
					<string>DEBUG=1</string>
					<string>$(inherited)</string>
				</array>
				<key>GCC_SYMBOLS_PRIVATE_EXTERN</key>
				<string>NO</string>
				<key>GCC_WARN_64_TO_32_BIT_CONVERSION</key>
				<string>YES</string>
				<key>GCC_WARN_ABOUT_RETURN_TYPE</key>
				<string>YES_ERROR</string>
				<key>GCC_WARN_UNDECLARED_SELECTOR</key>
				<string>YES</string>
				<key>GCC_WARN_UNINITIALIZED_AUTOS</key>
				<string>YES</string>
				<key>GCC_WARN_UNUSED_FUNCTION</key>
				<string>YES</string>
				<key>GCC_WARN_UNUSED_VARIABLE</key>
				<string>YES</string>
				<key>IPHONEOS_DEPLOYMENT_TARGET</key>
				<string>7.0</string>
				<key>ONLY_ACTIVE_ARCH</key>
				<string>YES</string>
				<key>SDKROOT</key>
				<string>iphoneos</string>
				<key>TARGETED_DEVICE_FAMILY</key>
				<string>1,2</string>
			</dict>
			<key>isa</key>
			<string>XCBuildConfiguration</string>
			<key>name</key>
			<string>Debug</string>
		</dict>
		<key>E4767088180CE021002E261A</key>
		<dict>
			<key>buildSettings</key>
			<dict>
				<key>ALWAYS_SEARCH_USER_PATHS</key>
				<string>NO</string>
				<key>CLANG_CXX_LANGUAGE_STANDARD</key>
				<string>gnu++0x</string>
				<key>CLANG_CXX_LIBRARY</key>
				<string>libc++</string>
				<key>CLANG_ENABLE_MODULES</key>
				<string>YES</string>
				<key>CLANG_ENABLE_OBJC_ARC</key>
				<string>YES</string>
				<key>CLANG_WARN_BOOL_CONVERSION</key>
				<string>YES</string>
				<key>CLANG_WARN_CONSTANT_CONVERSION</key>
				<string>YES</string>
				<key>CLANG_WARN_DIRECT_OBJC_ISA_USAGE</key>
				<string>YES_ERROR</string>
				<key>CLANG_WARN_EMPTY_BODY</key>
				<string>YES</string>
				<key>CLANG_WARN_ENUM_CONVERSION</key>
				<string>YES</string>
				<key>CLANG_WARN_INT_CONVERSION</key>
				<string>YES</string>
				<key>CLANG_WARN_OBJC_ROOT_CLASS</key>
				<string>YES_ERROR</string>
				<key>CLANG_WARN__DUPLICATE_METHOD_MATCH</key>
				<string>YES</string>
				<key>CODE_SIGN_IDENTITY[sdk=iphoneos*]</key>
				<string>iPhone Developer</string>
				<key>COPY_PHASE_STRIP</key>
				<string>YES</string>
				<key>ENABLE_NS_ASSERTIONS</key>
				<string>NO</string>
				<key>GCC_C_LANGUAGE_STANDARD</key>
				<string>gnu99</string>
				<key>GCC_WARN_64_TO_32_BIT_CONVERSION</key>
				<string>YES</string>
				<key>GCC_WARN_ABOUT_RETURN_TYPE</key>
				<string>YES_ERROR</string>
				<key>GCC_WARN_UNDECLARED_SELECTOR</key>
				<string>YES</string>
				<key>GCC_WARN_UNINITIALIZED_AUTOS</key>
				<string>YES</string>
				<key>GCC_WARN_UNUSED_FUNCTION</key>
				<string>YES</string>
				<key>GCC_WARN_UNUSED_VARIABLE</key>
				<string>YES</string>
				<key>IPHONEOS_DEPLOYMENT_TARGET</key>
				<string>7.0</string>
				<key>SDKROOT</key>
				<string>iphoneos</string>
				<key>TARGETED_DEVICE_FAMILY</key>
				<string>1,2</string>
				<key>VALIDATE_PRODUCT</key>
				<string>YES</string>
			</dict>
			<key>isa</key>
			<string>XCBuildConfiguration</string>
			<key>name</key>
			<string>Release</string>
		</dict>
		<key>E4767089180CE021002E261A</key>
		<dict>
			<key>buildConfigurations</key>
			<array>
				<string>E476708A180CE021002E261A</string>
				<string>E476708B180CE021002E261A</string>
			</array>
			<key>defaultConfigurationIsVisible</key>
			<string>0</string>
			<key>defaultConfigurationName</key>
			<string>Release</string>
			<key>isa</key>
			<string>XCConfigurationList</string>
		</dict>
		<key>E476708A180CE021002E261A</key>
		<dict>
			<key>baseConfigurationReference</key>
			<string>57209292D5634C34B6FAEDAD</string>
			<key>buildSettings</key>
			<dict>
				<key>ASSETCATALOG_COMPILER_APPICON_NAME</key>
				<string>AppIcon</string>
				<key>ASSETCATALOG_COMPILER_LAUNCHIMAGE_NAME</key>
				<string>LaunchImage</string>
				<key>CODE_SIGN_IDENTITY</key>
				<string>iPhone Developer</string>
				<key>GCC_PRECOMPILE_PREFIX_HEADER</key>
				<string>YES</string>
				<key>GCC_PREFIX_HEADER</key>
				<string>PerfectDiet/PerfectDiet-Prefix.pch</string>
				<key>INFOPLIST_FILE</key>
				<string>PerfectDiet/PerfectDiet-Info.plist</string>
				<key>PRODUCT_NAME</key>
				<string>$(TARGET_NAME)</string>
				<key>TARGETED_DEVICE_FAMILY</key>
				<string>1</string>
				<key>WRAPPER_EXTENSION</key>
				<string>app</string>
			</dict>
			<key>isa</key>
			<string>XCBuildConfiguration</string>
			<key>name</key>
			<string>Debug</string>
		</dict>
		<key>E476708B180CE021002E261A</key>
		<dict>
			<key>baseConfigurationReference</key>
			<string>57209292D5634C34B6FAEDAD</string>
			<key>buildSettings</key>
			<dict>
				<key>ASSETCATALOG_COMPILER_APPICON_NAME</key>
				<string>AppIcon</string>
				<key>ASSETCATALOG_COMPILER_LAUNCHIMAGE_NAME</key>
				<string>LaunchImage</string>
				<key>CODE_SIGN_IDENTITY</key>
				<string>iPhone Developer</string>
				<key>GCC_PRECOMPILE_PREFIX_HEADER</key>
				<string>YES</string>
				<key>GCC_PREFIX_HEADER</key>
				<string>PerfectDiet/PerfectDiet-Prefix.pch</string>
				<key>INFOPLIST_FILE</key>
				<string>PerfectDiet/PerfectDiet-Info.plist</string>
				<key>PRODUCT_NAME</key>
				<string>$(TARGET_NAME)</string>
				<key>TARGETED_DEVICE_FAMILY</key>
				<string>1</string>
				<key>WRAPPER_EXTENSION</key>
				<string>app</string>
			</dict>
			<key>isa</key>
			<string>XCBuildConfiguration</string>
			<key>name</key>
			<string>Release</string>
		</dict>
		<key>E476708C180CE021002E261A</key>
		<dict>
			<key>buildConfigurations</key>
			<array>
				<string>E476708D180CE021002E261A</string>
				<string>E476708E180CE021002E261A</string>
			</array>
			<key>defaultConfigurationIsVisible</key>
			<string>0</string>
			<key>defaultConfigurationName</key>
			<string>Release</string>
			<key>isa</key>
			<string>XCConfigurationList</string>
		</dict>
		<key>E476708D180CE021002E261A</key>
		<dict>
			<key>buildSettings</key>
			<dict>
				<key>BUNDLE_LOADER</key>
				<string>$(BUILT_PRODUCTS_DIR)/PerfectDiet.app/PerfectDiet</string>
				<key>FRAMEWORK_SEARCH_PATHS</key>
				<array>
					<string>$(SDKROOT)/Developer/Library/Frameworks</string>
					<string>$(inherited)</string>
					<string>$(DEVELOPER_FRAMEWORKS_DIR)</string>
				</array>
				<key>GCC_PRECOMPILE_PREFIX_HEADER</key>
				<string>YES</string>
				<key>GCC_PREFIX_HEADER</key>
				<string>PerfectDiet/PerfectDiet-Prefix.pch</string>
				<key>GCC_PREPROCESSOR_DEFINITIONS</key>
				<array>
					<string>DEBUG=1</string>
					<string>$(inherited)</string>
				</array>
				<key>INFOPLIST_FILE</key>
				<string>PerfectDietTests/PerfectDietTests-Info.plist</string>
				<key>PRODUCT_NAME</key>
				<string>$(TARGET_NAME)</string>
				<key>TEST_HOST</key>
				<string>$(BUNDLE_LOADER)</string>
				<key>WRAPPER_EXTENSION</key>
				<string>xctest</string>
			</dict>
			<key>isa</key>
			<string>XCBuildConfiguration</string>
			<key>name</key>
			<string>Debug</string>
		</dict>
		<key>E476708E180CE021002E261A</key>
		<dict>
			<key>buildSettings</key>
			<dict>
				<key>BUNDLE_LOADER</key>
				<string>$(BUILT_PRODUCTS_DIR)/PerfectDiet.app/PerfectDiet</string>
				<key>FRAMEWORK_SEARCH_PATHS</key>
				<array>
					<string>$(SDKROOT)/Developer/Library/Frameworks</string>
					<string>$(inherited)</string>
					<string>$(DEVELOPER_FRAMEWORKS_DIR)</string>
				</array>
				<key>GCC_PRECOMPILE_PREFIX_HEADER</key>
				<string>YES</string>
				<key>GCC_PREFIX_HEADER</key>
				<string>PerfectDiet/PerfectDiet-Prefix.pch</string>
				<key>INFOPLIST_FILE</key>
				<string>PerfectDietTests/PerfectDietTests-Info.plist</string>
				<key>PRODUCT_NAME</key>
				<string>$(TARGET_NAME)</string>
				<key>TEST_HOST</key>
				<string>$(BUNDLE_LOADER)</string>
				<key>WRAPPER_EXTENSION</key>
				<string>xctest</string>
			</dict>
			<key>isa</key>
			<string>XCBuildConfiguration</string>
			<key>name</key>
			<string>Release</string>
		</dict>
		<key>E4B58A8B18A7681100DA3372</key>
		<dict>
			<key>fileEncoding</key>
			<string>4</string>
			<key>isa</key>
			<string>PBXFileReference</string>
			<key>lastKnownFileType</key>
			<string>text.plist.xml</string>
			<key>path</key>
			<string>PDTimeList.plist</string>
			<key>sourceTree</key>
			<string>&lt;group&gt;</string>
		</dict>
		<key>E4B58A8C18A7681100DA3372</key>
		<dict>
			<key>fileRef</key>
			<string>E4B58A8B18A7681100DA3372</string>
			<key>isa</key>
			<string>PBXBuildFile</string>
		</dict>
		<key>E4B58A8D18A7720900DA3372</key>
		<dict>
			<key>fileEncoding</key>
			<string>4</string>
			<key>isa</key>
			<string>PBXFileReference</string>
			<key>lastKnownFileType</key>
			<string>text.plist.xml</string>
			<key>path</key>
			<string>PDDurationList.plist</string>
			<key>sourceTree</key>
			<string>&lt;group&gt;</string>
		</dict>
		<key>E4B58A8E18A7720900DA3372</key>
		<dict>
			<key>fileRef</key>
			<string>E4B58A8D18A7720900DA3372</string>
			<key>isa</key>
			<string>PBXBuildFile</string>
		</dict>
		<key>E4B58A8F18A77D0C00DA3372</key>
		<dict>
			<key>fileEncoding</key>
			<string>4</string>
			<key>isa</key>
			<string>PBXFileReference</string>
			<key>lastKnownFileType</key>
			<string>sourcecode.c.h</string>
			<key>path</key>
			<string>PDAddMoodViewController.h</string>
			<key>sourceTree</key>
			<string>&lt;group&gt;</string>
		</dict>
		<key>E4B58A9018A77D0C00DA3372</key>
		<dict>
			<key>fileEncoding</key>
			<string>4</string>
			<key>isa</key>
			<string>PBXFileReference</string>
			<key>lastKnownFileType</key>
			<string>sourcecode.c.objc</string>
			<key>path</key>
			<string>PDAddMoodViewController.m</string>
			<key>sourceTree</key>
			<string>&lt;group&gt;</string>
		</dict>
		<key>E4B58A9118A77D0C00DA3372</key>
		<dict>
			<key>fileRef</key>
			<string>E4B58A9018A77D0C00DA3372</string>
			<key>isa</key>
			<string>PBXBuildFile</string>
		</dict>
		<key>E4B58A9218A77DC700DA3372</key>
		<dict>
			<key>fileEncoding</key>
			<string>4</string>
			<key>isa</key>
			<string>PBXFileReference</string>
			<key>lastKnownFileType</key>
			<string>sourcecode.c.h</string>
			<key>path</key>
			<string>PDAddNoteViewController.h</string>
			<key>sourceTree</key>
			<string>&lt;group&gt;</string>
		</dict>
		<key>E4B58A9318A77DC700DA3372</key>
		<dict>
			<key>fileEncoding</key>
			<string>4</string>
			<key>isa</key>
			<string>PBXFileReference</string>
			<key>lastKnownFileType</key>
			<string>sourcecode.c.objc</string>
			<key>path</key>
			<string>PDAddNoteViewController.m</string>
			<key>sourceTree</key>
			<string>&lt;group&gt;</string>
		</dict>
		<key>E4B58A9418A77DC700DA3372</key>
		<dict>
			<key>fileRef</key>
			<string>E4B58A9318A77DC700DA3372</string>
			<key>isa</key>
			<string>PBXBuildFile</string>
		</dict>
		<key>E4B58A9518A7965C00DA3372</key>
		<dict>
			<key>fileEncoding</key>
			<string>4</string>
			<key>isa</key>
			<string>PBXFileReference</string>
			<key>lastKnownFileType</key>
			<string>sourcecode.c.h</string>
			<key>path</key>
			<string>PDLocalDataController.h</string>
			<key>sourceTree</key>
			<string>&lt;group&gt;</string>
		</dict>
		<key>E4B58A9618A7965C00DA3372</key>
		<dict>
			<key>fileEncoding</key>
			<string>4</string>
			<key>isa</key>
			<string>PBXFileReference</string>
			<key>lastKnownFileType</key>
			<string>sourcecode.c.objc</string>
			<key>path</key>
			<string>PDLocalDataController.m</string>
			<key>sourceTree</key>
			<string>&lt;group&gt;</string>
		</dict>
		<key>E4B58A9718A7965C00DA3372</key>
		<dict>
			<key>fileRef</key>
			<string>E4B58A9618A7965C00DA3372</string>
			<key>isa</key>
			<string>PBXBuildFile</string>
		</dict>
	</dict>
	<key>rootObject</key>
	<string>E476704C180CE020002E261A</string>
</dict>
</plist>
